// !$*UTF8*$!
{
	archiveVersion = 1;
	classes = {
	};
	objectVersion = 56;
	objects = {

/* Begin PBXBuildFile section */
		77C024C429C35E0600326201 /* ViewsApp.swift in Sources */ = {isa = PBXBuildFile; fileRef = 77C024C329C35E0600326201 /* ViewsApp.swift */; };
		77C024C629C35E0600326201 /* SignUpView.swift in Sources */ = {isa = PBXBuildFile; fileRef = 77C024C529C35E0600326201 /* SignUpView.swift */; };
		77C024C829C35E0800326201 /* Assets.xcassets in Resources */ = {isa = PBXBuildFile; fileRef = 77C024C729C35E0800326201 /* Assets.xcassets */; };
		77C024CB29C35E0800326201 /* Preview Assets.xcassets in Resources */ = {isa = PBXBuildFile; fileRef = 77C024CA29C35E0800326201 /* Preview Assets.xcassets */; };
		77C3271D29C376240013AB57 /* Montserrat-Regular.ttf in Resources */ = {isa = PBXBuildFile; fileRef = 77C3271C29C376240013AB57 /* Montserrat-Regular.ttf */; };
		77C3271F29C3AC430013AB57 /* ViewModifiers.swift in Sources */ = {isa = PBXBuildFile; fileRef = 77C3271E29C3AC430013AB57 /* ViewModifiers.swift */; };
		77C3272129C3AE710013AB57 /* LoginView.swift in Sources */ = {isa = PBXBuildFile; fileRef = 77C3272029C3AE710013AB57 /* LoginView.swift */; };
		77C3272329C3B3470013AB57 /* SecureTextFieldView.swift in Sources */ = {isa = PBXBuildFile; fileRef = 77C3272229C3B3470013AB57 /* SecureTextFieldView.swift */; };
		77C3272529C3B3C20013AB57 /* SecureTextFieldParentProtocol.swift in Sources */ = {isa = PBXBuildFile; fileRef = 77C3272429C3B3C20013AB57 /* SecureTextFieldParentProtocol.swift */; };
		77F620CB29C3C96E007941A9 /* MainView.swift in Sources */ = {isa = PBXBuildFile; fileRef = 77F620CA29C3C96E007941A9 /* MainView.swift */; };
		77F620DF29C4A02D007941A9 /* TopBarView.swift in Sources */ = {isa = PBXBuildFile; fileRef = 77F620DE29C4A02D007941A9 /* TopBarView.swift */; };
		77F620E129C4A03C007941A9 /* SearchBarView.swift in Sources */ = {isa = PBXBuildFile; fileRef = 77F620E029C4A03C007941A9 /* SearchBarView.swift */; };
		77F620E329C4A048007941A9 /* CircleButtonView.swift in Sources */ = {isa = PBXBuildFile; fileRef = 77F620E229C4A048007941A9 /* CircleButtonView.swift */; };
		77F620E529C4A054007941A9 /* ItemRowView.swift in Sources */ = {isa = PBXBuildFile; fileRef = 77F620E429C4A054007941A9 /* ItemRowView.swift */; };
		77F620E729C4A060007941A9 /* ItemCardView.swift in Sources */ = {isa = PBXBuildFile; fileRef = 77F620E629C4A060007941A9 /* ItemCardView.swift */; };
		77F620E929C4A1E7007941A9 /* TabContents.swift in Sources */ = {isa = PBXBuildFile; fileRef = 77F620E829C4A1E7007941A9 /* TabContents.swift */; };
		77F620EB29C4ABC1007941A9 /* CustomTabBar.swift in Sources */ = {isa = PBXBuildFile; fileRef = 77F620EA29C4ABC1007941A9 /* CustomTabBar.swift */; };
		77F620ED29C4EBFF007941A9 /* PickerLocation.swift in Sources */ = {isa = PBXBuildFile; fileRef = 77F620EC29C4EBFF007941A9 /* PickerLocation.swift */; };
		77F620F229C5D3A1007941A9 /* PersonInfoView.swift in Sources */ = {isa = PBXBuildFile; fileRef = 77F620F129C5D3A1007941A9 /* PersonInfoView.swift */; };
		77F620F429C5D872007941A9 /* SettingsList.swift in Sources */ = {isa = PBXBuildFile; fileRef = 77F620F329C5D872007941A9 /* SettingsList.swift */; };
		77F620F629C5E485007941A9 /* TopView.swift in Sources */ = {isa = PBXBuildFile; fileRef = 77F620F529C5E485007941A9 /* TopView.swift */; };
		77F620F929C609B7007941A9 /* DetailView.swift in Sources */ = {isa = PBXBuildFile; fileRef = 77F620F829C609B7007941A9 /* DetailView.swift */; };
		77F620FB29C60CAA007941A9 /* MainImage.swift in Sources */ = {isa = PBXBuildFile; fileRef = 77F620FA29C60CAA007941A9 /* MainImage.swift */; };
		77F620FD29C60CDF007941A9 /* ZoomImagesView.swift in Sources */ = {isa = PBXBuildFile; fileRef = 77F620FC29C60CDF007941A9 /* ZoomImagesView.swift */; };
		77F620FF29C613A4007941A9 /* DetailText.swift in Sources */ = {isa = PBXBuildFile; fileRef = 77F620FE29C613A4007941A9 /* DetailText.swift */; };
		77F6210129C615D7007941A9 /* ChooseColor.swift in Sources */ = {isa = PBXBuildFile; fileRef = 77F6210029C615D7007941A9 /* ChooseColor.swift */; };
		77F6210329C616B8007941A9 /* ColorPickerView.swift in Sources */ = {isa = PBXBuildFile; fileRef = 77F6210229C616B8007941A9 /* ColorPickerView.swift */; };
/* End PBXBuildFile section */

/* Begin PBXFileReference section */
		77C024C029C35E0600326201 /* Views.app */ = {isa = PBXFileReference; explicitFileType = wrapper.application; includeInIndex = 0; path = Views.app; sourceTree = BUILT_PRODUCTS_DIR; };
		77C024C329C35E0600326201 /* ViewsApp.swift */ = {isa = PBXFileReference; lastKnownFileType = sourcecode.swift; path = ViewsApp.swift; sourceTree = "<group>"; };
		77C024C529C35E0600326201 /* SignUpView.swift */ = {isa = PBXFileReference; lastKnownFileType = sourcecode.swift; path = SignUpView.swift; sourceTree = "<group>"; };
		77C024C729C35E0800326201 /* Assets.xcassets */ = {isa = PBXFileReference; lastKnownFileType = folder.assetcatalog; path = Assets.xcassets; sourceTree = "<group>"; };
		77C024CA29C35E0800326201 /* Preview Assets.xcassets */ = {isa = PBXFileReference; lastKnownFileType = folder.assetcatalog; path = "Preview Assets.xcassets"; sourceTree = "<group>"; };
		77C3271C29C376240013AB57 /* Montserrat-Regular.ttf */ = {isa = PBXFileReference; lastKnownFileType = file; path = "Montserrat-Regular.ttf"; sourceTree = "<group>"; };
		77C3271E29C3AC430013AB57 /* ViewModifiers.swift */ = {isa = PBXFileReference; lastKnownFileType = sourcecode.swift; path = ViewModifiers.swift; sourceTree = "<group>"; };
		77C3272029C3AE710013AB57 /* LoginView.swift */ = {isa = PBXFileReference; lastKnownFileType = sourcecode.swift; path = LoginView.swift; sourceTree = "<group>"; };
		77C3272229C3B3470013AB57 /* SecureTextFieldView.swift */ = {isa = PBXFileReference; lastKnownFileType = sourcecode.swift; path = SecureTextFieldView.swift; sourceTree = "<group>"; };
		77C3272429C3B3C20013AB57 /* SecureTextFieldParentProtocol.swift */ = {isa = PBXFileReference; lastKnownFileType = sourcecode.swift; path = SecureTextFieldParentProtocol.swift; sourceTree = "<group>"; };
		77F620CA29C3C96E007941A9 /* MainView.swift */ = {isa = PBXFileReference; lastKnownFileType = sourcecode.swift; path = MainView.swift; sourceTree = "<group>"; };
		77F620DE29C4A02D007941A9 /* TopBarView.swift */ = {isa = PBXFileReference; lastKnownFileType = sourcecode.swift; path = TopBarView.swift; sourceTree = "<group>"; };
		77F620E029C4A03C007941A9 /* SearchBarView.swift */ = {isa = PBXFileReference; lastKnownFileType = sourcecode.swift; path = SearchBarView.swift; sourceTree = "<group>"; };
		77F620E229C4A048007941A9 /* CircleButtonView.swift */ = {isa = PBXFileReference; lastKnownFileType = sourcecode.swift; path = CircleButtonView.swift; sourceTree = "<group>"; };
		77F620E429C4A054007941A9 /* ItemRowView.swift */ = {isa = PBXFileReference; lastKnownFileType = sourcecode.swift; path = ItemRowView.swift; sourceTree = "<group>"; };
		77F620E629C4A060007941A9 /* ItemCardView.swift */ = {isa = PBXFileReference; lastKnownFileType = sourcecode.swift; path = ItemCardView.swift; sourceTree = "<group>"; };
		77F620E829C4A1E7007941A9 /* TabContents.swift */ = {isa = PBXFileReference; lastKnownFileType = sourcecode.swift; path = TabContents.swift; sourceTree = "<group>"; };
		77F620EA29C4ABC1007941A9 /* CustomTabBar.swift */ = {isa = PBXFileReference; lastKnownFileType = sourcecode.swift; path = CustomTabBar.swift; sourceTree = "<group>"; };
		77F620EC29C4EBFF007941A9 /* PickerLocation.swift */ = {isa = PBXFileReference; lastKnownFileType = sourcecode.swift; path = PickerLocation.swift; sourceTree = "<group>"; };
		77F620F129C5D3A1007941A9 /* PersonInfoView.swift */ = {isa = PBXFileReference; lastKnownFileType = sourcecode.swift; path = PersonInfoView.swift; sourceTree = "<group>"; };
		77F620F329C5D872007941A9 /* SettingsList.swift */ = {isa = PBXFileReference; lastKnownFileType = sourcecode.swift; path = SettingsList.swift; sourceTree = "<group>"; };
		77F620F529C5E485007941A9 /* TopView.swift */ = {isa = PBXFileReference; lastKnownFileType = sourcecode.swift; path = TopView.swift; sourceTree = "<group>"; };
		77F620F829C609B7007941A9 /* DetailView.swift */ = {isa = PBXFileReference; lastKnownFileType = sourcecode.swift; path = DetailView.swift; sourceTree = "<group>"; };
		77F620FA29C60CAA007941A9 /* MainImage.swift */ = {isa = PBXFileReference; lastKnownFileType = sourcecode.swift; path = MainImage.swift; sourceTree = "<group>"; };
		77F620FC29C60CDF007941A9 /* ZoomImagesView.swift */ = {isa = PBXFileReference; lastKnownFileType = sourcecode.swift; path = ZoomImagesView.swift; sourceTree = "<group>"; };
		77F620FE29C613A4007941A9 /* DetailText.swift */ = {isa = PBXFileReference; lastKnownFileType = sourcecode.swift; path = DetailText.swift; sourceTree = "<group>"; };
		77F6210029C615D7007941A9 /* ChooseColor.swift */ = {isa = PBXFileReference; lastKnownFileType = sourcecode.swift; path = ChooseColor.swift; sourceTree = "<group>"; };
		77F6210229C616B8007941A9 /* ColorPickerView.swift */ = {isa = PBXFileReference; lastKnownFileType = sourcecode.swift; path = ColorPickerView.swift; sourceTree = "<group>"; };
/* End PBXFileReference section */

/* Begin PBXFrameworksBuildPhase section */
		77C024BD29C35E0600326201 /* Frameworks */ = {
			isa = PBXFrameworksBuildPhase;
			buildActionMask = 2147483647;
			files = (
			);
			runOnlyForDeploymentPostprocessing = 0;
		};
/* End PBXFrameworksBuildPhase section */

/* Begin PBXGroup section */
		77C024B729C35E0600326201 = {
			isa = PBXGroup;
			children = (
				77C024C229C35E0600326201 /* Views */,
				77C024C129C35E0600326201 /* Products */,
			);
			sourceTree = "<group>";
		};
		77C024C129C35E0600326201 /* Products */ = {
			isa = PBXGroup;
			children = (
				77C024C029C35E0600326201 /* Views.app */,
			);
			name = Products;
			sourceTree = "<group>";
		};
		77C024C229C35E0600326201 /* Views */ = {
			isa = PBXGroup;
			children = (
				77F620F729C6099D007941A9 /* DetailView */,
				77F620F029C5D28A007941A9 /* PersonInfoView */,
				77F620EF29C5D24A007941A9 /* Modifiers */,
				77F620EE29C5D22E007941A9 /* SignUpView */,
				77F620DD29C4A012007941A9 /* LoginView */,
				77F620DC29C49FC1007941A9 /* MainView */,
				77C3271229C3712A0013AB57 /* Font */,
				77C024C329C35E0600326201 /* ViewsApp.swift */,
				77C024C729C35E0800326201 /* Assets.xcassets */,
				77C024C929C35E0800326201 /* Preview Content */,
			);
			path = Views;
			sourceTree = "<group>";
		};
		77C024C929C35E0800326201 /* Preview Content */ = {
			isa = PBXGroup;
			children = (
				77C024CA29C35E0800326201 /* Preview Assets.xcassets */,
			);
			path = "Preview Content";
			sourceTree = "<group>";
		};
		77C3271229C3712A0013AB57 /* Font */ = {
			isa = PBXGroup;
			children = (
				77C3271C29C376240013AB57 /* Montserrat-Regular.ttf */,
			);
			path = Font;
			sourceTree = "<group>";
		};
		77F620DC29C49FC1007941A9 /* MainView */ = {
			isa = PBXGroup;
			children = (
				77F620CA29C3C96E007941A9 /* MainView.swift */,
				77F620DE29C4A02D007941A9 /* TopBarView.swift */,
				77F620E029C4A03C007941A9 /* SearchBarView.swift */,
				77F620E229C4A048007941A9 /* CircleButtonView.swift */,
				77F620E829C4A1E7007941A9 /* TabContents.swift */,
				77F620E629C4A060007941A9 /* ItemCardView.swift */,
				77F620E429C4A054007941A9 /* ItemRowView.swift */,
				77F620EA29C4ABC1007941A9 /* CustomTabBar.swift */,
				77F620EC29C4EBFF007941A9 /* PickerLocation.swift */,
			);
			path = MainView;
			sourceTree = "<group>";
		};
		77F620DD29C4A012007941A9 /* LoginView */ = {
			isa = PBXGroup;
			children = (
				77C3272429C3B3C20013AB57 /* SecureTextFieldParentProtocol.swift */,
				77C3272029C3AE710013AB57 /* LoginView.swift */,
				77C3272229C3B3470013AB57 /* SecureTextFieldView.swift */,
			);
			path = LoginView;
			sourceTree = "<group>";
		};
		77F620EE29C5D22E007941A9 /* SignUpView */ = {
			isa = PBXGroup;
			children = (
				77C024C529C35E0600326201 /* SignUpView.swift */,
			);
			path = SignUpView;
			sourceTree = "<group>";
		};
		77F620EF29C5D24A007941A9 /* Modifiers */ = {
			isa = PBXGroup;
			children = (
				77C3271E29C3AC430013AB57 /* ViewModifiers.swift */,
			);
			path = Modifiers;
			sourceTree = "<group>";
		};
		77F620F029C5D28A007941A9 /* PersonInfoView */ = {
			isa = PBXGroup;
			children = (
				77F620F129C5D3A1007941A9 /* PersonInfoView.swift */,
				77F620F529C5E485007941A9 /* TopView.swift */,
				77F620F329C5D872007941A9 /* SettingsList.swift */,
			);
			path = PersonInfoView;
			sourceTree = "<group>";
		};
		77F620F729C6099D007941A9 /* DetailView */ = {
			isa = PBXGroup;
			children = (
				77F620F829C609B7007941A9 /* DetailView.swift */,
				77F620FA29C60CAA007941A9 /* MainImage.swift */,
				77F620FC29C60CDF007941A9 /* ZoomImagesView.swift */,
				77F620FE29C613A4007941A9 /* DetailText.swift */,
				77F6210029C615D7007941A9 /* ChooseColor.swift */,
				77F6210229C616B8007941A9 /* ColorPickerView.swift */,
			);
			path = DetailView;
			sourceTree = "<group>";
		};
/* End PBXGroup section */

/* Begin PBXNativeTarget section */
		77C024BF29C35E0600326201 /* Views */ = {
			isa = PBXNativeTarget;
			buildConfigurationList = 77C024CE29C35E0800326201 /* Build configuration list for PBXNativeTarget "Views" */;
			buildPhases = (
				77C024BC29C35E0600326201 /* Sources */,
				77C024BD29C35E0600326201 /* Frameworks */,
				77C024BE29C35E0600326201 /* Resources */,
			);
			buildRules = (
			);
			dependencies = (
			);
			name = Views;
			productName = Views;
			productReference = 77C024C029C35E0600326201 /* Views.app */;
			productType = "com.apple.product-type.application";
		};
/* End PBXNativeTarget section */

/* Begin PBXProject section */
		77C024B829C35E0600326201 /* Project object */ = {
			isa = PBXProject;
			attributes = {
				BuildIndependentTargetsInParallel = 1;
				LastSwiftUpdateCheck = 1420;
				LastUpgradeCheck = 1420;
				TargetAttributes = {
					77C024BF29C35E0600326201 = {
						CreatedOnToolsVersion = 14.2;
					};
				};
			};
			buildConfigurationList = 77C024BB29C35E0600326201 /* Build configuration list for PBXProject "Views" */;
			compatibilityVersion = "Xcode 14.0";
			developmentRegion = en;
			hasScannedForEncodings = 0;
			knownRegions = (
				en,
				Base,
			);
			mainGroup = 77C024B729C35E0600326201;
			productRefGroup = 77C024C129C35E0600326201 /* Products */;
			projectDirPath = "";
			projectRoot = "";
			targets = (
				77C024BF29C35E0600326201 /* Views */,
			);
		};
/* End PBXProject section */

/* Begin PBXResourcesBuildPhase section */
		77C024BE29C35E0600326201 /* Resources */ = {
			isa = PBXResourcesBuildPhase;
			buildActionMask = 2147483647;
			files = (
				77C3271D29C376240013AB57 /* Montserrat-Regular.ttf in Resources */,
				77C024CB29C35E0800326201 /* Preview Assets.xcassets in Resources */,
				77C024C829C35E0800326201 /* Assets.xcassets in Resources */,
			);
			runOnlyForDeploymentPostprocessing = 0;
		};
/* End PBXResourcesBuildPhase section */

/* Begin PBXSourcesBuildPhase section */
		77C024BC29C35E0600326201 /* Sources */ = {
			isa = PBXSourcesBuildPhase;
			buildActionMask = 2147483647;
			files = (
				77C3272529C3B3C20013AB57 /* SecureTextFieldParentProtocol.swift in Sources */,
				77F620E129C4A03C007941A9 /* SearchBarView.swift in Sources */,
				77F620EB29C4ABC1007941A9 /* CustomTabBar.swift in Sources */,
				77F620ED29C4EBFF007941A9 /* PickerLocation.swift in Sources */,
				77F620CB29C3C96E007941A9 /* MainView.swift in Sources */,
				77C3271F29C3AC430013AB57 /* ViewModifiers.swift in Sources */,
				77C024C629C35E0600326201 /* SignUpView.swift in Sources */,
				77C024C429C35E0600326201 /* ViewsApp.swift in Sources */,
				77F6210329C616B8007941A9 /* ColorPickerView.swift in Sources */,
				77F6210129C615D7007941A9 /* ChooseColor.swift in Sources */,
				77F620E929C4A1E7007941A9 /* TabContents.swift in Sources */,
				77F620F429C5D872007941A9 /* SettingsList.swift in Sources */,
				77F620FB29C60CAA007941A9 /* MainImage.swift in Sources */,
				77C3272329C3B3470013AB57 /* SecureTextFieldView.swift in Sources */,
				77F620DF29C4A02D007941A9 /* TopBarView.swift in Sources */,
				77F620E529C4A054007941A9 /* ItemRowView.swift in Sources */,
				77F620E729C4A060007941A9 /* ItemCardView.swift in Sources */,
				77F620E329C4A048007941A9 /* CircleButtonView.swift in Sources */,
				77F620F229C5D3A1007941A9 /* PersonInfoView.swift in Sources */,
				77F620FF29C613A4007941A9 /* DetailText.swift in Sources */,
				77F620F929C609B7007941A9 /* DetailView.swift in Sources */,
				77F620FD29C60CDF007941A9 /* ZoomImagesView.swift in Sources */,
				77F620F629C5E485007941A9 /* TopView.swift in Sources */,
				77C3272129C3AE710013AB57 /* LoginView.swift in Sources */,
			);
			runOnlyForDeploymentPostprocessing = 0;
		};
/* End PBXSourcesBuildPhase section */

/* Begin XCBuildConfiguration section */
		77C024CC29C35E0800326201 /* Debug */ = {
			isa = XCBuildConfiguration;
			buildSettings = {
				ALWAYS_SEARCH_USER_PATHS = NO;
				CLANG_ANALYZER_NONNULL = YES;
				CLANG_ANALYZER_NUMBER_OBJECT_CONVERSION = YES_AGGRESSIVE;
				CLANG_CXX_LANGUAGE_STANDARD = "gnu++20";
				CLANG_ENABLE_MODULES = YES;
				CLANG_ENABLE_OBJC_ARC = YES;
				CLANG_ENABLE_OBJC_WEAK = YES;
				CLANG_WARN_BLOCK_CAPTURE_AUTORELEASING = YES;
				CLANG_WARN_BOOL_CONVERSION = YES;
				CLANG_WARN_COMMA = YES;
				CLANG_WARN_CONSTANT_CONVERSION = YES;
				CLANG_WARN_DEPRECATED_OBJC_IMPLEMENTATIONS = YES;
				CLANG_WARN_DIRECT_OBJC_ISA_USAGE = YES_ERROR;
				CLANG_WARN_DOCUMENTATION_COMMENTS = YES;
				CLANG_WARN_EMPTY_BODY = YES;
				CLANG_WARN_ENUM_CONVERSION = YES;
				CLANG_WARN_INFINITE_RECURSION = YES;
				CLANG_WARN_INT_CONVERSION = YES;
				CLANG_WARN_NON_LITERAL_NULL_CONVERSION = YES;
				CLANG_WARN_OBJC_IMPLICIT_RETAIN_SELF = YES;
				CLANG_WARN_OBJC_LITERAL_CONVERSION = YES;
				CLANG_WARN_OBJC_ROOT_CLASS = YES_ERROR;
				CLANG_WARN_QUOTED_INCLUDE_IN_FRAMEWORK_HEADER = YES;
				CLANG_WARN_RANGE_LOOP_ANALYSIS = YES;
				CLANG_WARN_STRICT_PROTOTYPES = YES;
				CLANG_WARN_SUSPICIOUS_MOVE = YES;
				CLANG_WARN_UNGUARDED_AVAILABILITY = YES_AGGRESSIVE;
				CLANG_WARN_UNREACHABLE_CODE = YES;
				CLANG_WARN__DUPLICATE_METHOD_MATCH = YES;
				COPY_PHASE_STRIP = NO;
				DEBUG_INFORMATION_FORMAT = dwarf;
				ENABLE_STRICT_OBJC_MSGSEND = YES;
				ENABLE_TESTABILITY = YES;
				GCC_C_LANGUAGE_STANDARD = gnu11;
				GCC_DYNAMIC_NO_PIC = NO;
				GCC_NO_COMMON_BLOCKS = YES;
				GCC_OPTIMIZATION_LEVEL = 0;
				GCC_PREPROCESSOR_DEFINITIONS = (
					"DEBUG=1",
					"$(inherited)",
				);
				GCC_WARN_64_TO_32_BIT_CONVERSION = YES;
				GCC_WARN_ABOUT_RETURN_TYPE = YES_ERROR;
				GCC_WARN_UNDECLARED_SELECTOR = YES;
				GCC_WARN_UNINITIALIZED_AUTOS = YES_AGGRESSIVE;
				GCC_WARN_UNUSED_FUNCTION = YES;
				GCC_WARN_UNUSED_VARIABLE = YES;
				IPHONEOS_DEPLOYMENT_TARGET = 16.2;
				MTL_ENABLE_DEBUG_INFO = INCLUDE_SOURCE;
				MTL_FAST_MATH = YES;
				ONLY_ACTIVE_ARCH = YES;
				SDKROOT = iphoneos;
				SWIFT_ACTIVE_COMPILATION_CONDITIONS = DEBUG;
				SWIFT_OPTIMIZATION_LEVEL = "-Onone";
			};
			name = Debug;
		};
		77C024CD29C35E0800326201 /* Release */ = {
			isa = XCBuildConfiguration;
			buildSettings = {
				ALWAYS_SEARCH_USER_PATHS = NO;
				CLANG_ANALYZER_NONNULL = YES;
				CLANG_ANALYZER_NUMBER_OBJECT_CONVERSION = YES_AGGRESSIVE;
				CLANG_CXX_LANGUAGE_STANDARD = "gnu++20";
				CLANG_ENABLE_MODULES = YES;
				CLANG_ENABLE_OBJC_ARC = YES;
				CLANG_ENABLE_OBJC_WEAK = YES;
				CLANG_WARN_BLOCK_CAPTURE_AUTORELEASING = YES;
				CLANG_WARN_BOOL_CONVERSION = YES;
				CLANG_WARN_COMMA = YES;
				CLANG_WARN_CONSTANT_CONVERSION = YES;
				CLANG_WARN_DEPRECATED_OBJC_IMPLEMENTATIONS = YES;
				CLANG_WARN_DIRECT_OBJC_ISA_USAGE = YES_ERROR;
				CLANG_WARN_DOCUMENTATION_COMMENTS = YES;
				CLANG_WARN_EMPTY_BODY = YES;
				CLANG_WARN_ENUM_CONVERSION = YES;
				CLANG_WARN_INFINITE_RECURSION = YES;
				CLANG_WARN_INT_CONVERSION = YES;
				CLANG_WARN_NON_LITERAL_NULL_CONVERSION = YES;
				CLANG_WARN_OBJC_IMPLICIT_RETAIN_SELF = YES;
				CLANG_WARN_OBJC_LITERAL_CONVERSION = YES;
				CLANG_WARN_OBJC_ROOT_CLASS = YES_ERROR;
				CLANG_WARN_QUOTED_INCLUDE_IN_FRAMEWORK_HEADER = YES;
				CLANG_WARN_RANGE_LOOP_ANALYSIS = YES;
				CLANG_WARN_STRICT_PROTOTYPES = YES;
				CLANG_WARN_SUSPICIOUS_MOVE = YES;
				CLANG_WARN_UNGUARDED_AVAILABILITY = YES_AGGRESSIVE;
				CLANG_WARN_UNREACHABLE_CODE = YES;
				CLANG_WARN__DUPLICATE_METHOD_MATCH = YES;
				COPY_PHASE_STRIP = NO;
				DEBUG_INFORMATION_FORMAT = "dwarf-with-dsym";
				ENABLE_NS_ASSERTIONS = NO;
				ENABLE_STRICT_OBJC_MSGSEND = YES;
				GCC_C_LANGUAGE_STANDARD = gnu11;
				GCC_NO_COMMON_BLOCKS = YES;
				GCC_WARN_64_TO_32_BIT_CONVERSION = YES;
				GCC_WARN_ABOUT_RETURN_TYPE = YES_ERROR;
				GCC_WARN_UNDECLARED_SELECTOR = YES;
				GCC_WARN_UNINITIALIZED_AUTOS = YES_AGGRESSIVE;
				GCC_WARN_UNUSED_FUNCTION = YES;
				GCC_WARN_UNUSED_VARIABLE = YES;
				IPHONEOS_DEPLOYMENT_TARGET = 16.2;
				MTL_ENABLE_DEBUG_INFO = NO;
				MTL_FAST_MATH = YES;
				SDKROOT = iphoneos;
				SWIFT_COMPILATION_MODE = wholemodule;
				SWIFT_OPTIMIZATION_LEVEL = "-O";
				VALIDATE_PRODUCT = YES;
			};
			name = Release;
		};
		77C024CF29C35E0800326201 /* Debug */ = {
			isa = XCBuildConfiguration;
			buildSettings = {
				ASSETCATALOG_COMPILER_APPICON_NAME = AppIcon;
				ASSETCATALOG_COMPILER_GLOBAL_ACCENT_COLOR_NAME = AccentColor;
				CODE_SIGN_STYLE = Automatic;
				CURRENT_PROJECT_VERSION = 1;
				DEVELOPMENT_ASSET_PATHS = "\"Views/Preview Content\"";
				DEVELOPMENT_TEAM = RW8DRR2459;
				ENABLE_PREVIEWS = YES;
				GENERATE_INFOPLIST_FILE = YES;
				INFOPLIST_FILE = Views/Info.plist;
				INFOPLIST_KEY_UIApplicationSceneManifest_Generation = YES;
				INFOPLIST_KEY_UIApplicationSupportsIndirectInputEvents = YES;
				INFOPLIST_KEY_UILaunchScreen_Generation = YES;
				INFOPLIST_KEY_UISupportedInterfaceOrientations_iPad = "UIInterfaceOrientationPortrait UIInterfaceOrientationPortraitUpsideDown UIInterfaceOrientationLandscapeLeft UIInterfaceOrientationLandscapeRight";
				INFOPLIST_KEY_UISupportedInterfaceOrientations_iPhone = "UIInterfaceOrientationPortrait UIInterfaceOrientationLandscapeLeft UIInterfaceOrientationLandscapeRight";
				LD_RUNPATH_SEARCH_PATHS = (
					"$(inherited)",
					"@executable_path/Frameworks",
				);
				MARKETING_VERSION = 1.0;
				PRODUCT_BUNDLE_IDENTIFIER = moraWoo.Views;
				PRODUCT_NAME = "$(TARGET_NAME)";
				SWIFT_EMIT_LOC_STRINGS = YES;
				SWIFT_VERSION = 5.0;
				TARGETED_DEVICE_FAMILY = "1,2";
			};
			name = Debug;
		};
		77C024D029C35E0800326201 /* Release */ = {
			isa = XCBuildConfiguration;
			buildSettings = {
				ASSETCATALOG_COMPILER_APPICON_NAME = AppIcon;
				ASSETCATALOG_COMPILER_GLOBAL_ACCENT_COLOR_NAME = AccentColor;
				CODE_SIGN_STYLE = Automatic;
				CURRENT_PROJECT_VERSION = 1;
				DEVELOPMENT_ASSET_PATHS = "\"Views/Preview Content\"";
				DEVELOPMENT_TEAM = RW8DRR2459;
				ENABLE_PREVIEWS = YES;
				GENERATE_INFOPLIST_FILE = YES;
				INFOPLIST_FILE = Views/Info.plist;
				INFOPLIST_KEY_UIApplicationSceneManifest_Generation = YES;
				INFOPLIST_KEY_UIApplicationSupportsIndirectInputEvents = YES;
				INFOPLIST_KEY_UILaunchScreen_Generation = YES;
				INFOPLIST_KEY_UISupportedInterfaceOrientations_iPad = "UIInterfaceOrientationPortrait UIInterfaceOrientationPortraitUpsideDown UIInterfaceOrientationLandscapeLeft UIInterfaceOrientationLandscapeRight";
				INFOPLIST_KEY_UISupportedInterfaceOrientations_iPhone = "UIInterfaceOrientationPortrait UIInterfaceOrientationLandscapeLeft UIInterfaceOrientationLandscapeRight";
				LD_RUNPATH_SEARCH_PATHS = (
					"$(inherited)",
					"@executable_path/Frameworks",
				);
				MARKETING_VERSION = 1.0;
				PRODUCT_BUNDLE_IDENTIFIER = moraWoo.Views;
				PRODUCT_NAME = "$(TARGET_NAME)";
				SWIFT_EMIT_LOC_STRINGS = YES;
				SWIFT_VERSION = 5.0;
				TARGETED_DEVICE_FAMILY = "1,2";
			};
			name = Release;
		};
/* End XCBuildConfiguration section */

/* Begin XCConfigurationList section */
		77C024BB29C35E0600326201 /* Build configuration list for PBXProject "Views" */ = {
			isa = XCConfigurationList;
			buildConfigurations = (
				77C024CC29C35E0800326201 /* Debug */,
				77C024CD29C35E0800326201 /* Release */,
			);
			defaultConfigurationIsVisible = 0;
			defaultConfigurationName = Release;
		};
		77C024CE29C35E0800326201 /* Build configuration list for PBXNativeTarget "Views" */ = {
			isa = XCConfigurationList;
			buildConfigurations = (
				77C024CF29C35E0800326201 /* Debug */,
				77C024D029C35E0800326201 /* Release */,
			);
			defaultConfigurationIsVisible = 0;
			defaultConfigurationName = Release;
		};
/* End XCConfigurationList section */
	};
	rootObject = 77C024B829C35E0600326201 /* Project object */;
}
