// !$*UTF8*$!
{
	archiveVersion = 1;
	classes = {
	};
	objectVersion = 56;
	objects = {

/* Begin PBXBuildFile section */
		776F645A29BF65ED00B6C808 /* ShopApp.swift in Sources */ = {isa = PBXBuildFile; fileRef = 776F645929BF65ED00B6C808 /* ShopApp.swift */; };
		776F645C29BF65ED00B6C808 /* ContentView.swift in Sources */ = {isa = PBXBuildFile; fileRef = 776F645B29BF65ED00B6C808 /* ContentView.swift */; };
		776F645E29BF65EF00B6C808 /* Assets.xcassets in Resources */ = {isa = PBXBuildFile; fileRef = 776F645D29BF65EF00B6C808 /* Assets.xcassets */; };
		776F646129BF65EF00B6C808 /* Preview Assets.xcassets in Resources */ = {isa = PBXBuildFile; fileRef = 776F646029BF65EF00B6C808 /* Preview Assets.xcassets */; };
		776F647129BF688600B6C808 /* AppCoordinator.swift in Sources */ = {isa = PBXBuildFile; fileRef = 776F647029BF688600B6C808 /* AppCoordinator.swift */; };
		776F647329BF694400B6C808 /* MainView.swift in Sources */ = {isa = PBXBuildFile; fileRef = 776F647229BF694400B6C808 /* MainView.swift */; };
		776F647529BF698800B6C808 /* MainViewModel.swift in Sources */ = {isa = PBXBuildFile; fileRef = 776F647429BF698800B6C808 /* MainViewModel.swift */; };
		776F647729BF69CB00B6C808 /* SignInView.swift in Sources */ = {isa = PBXBuildFile; fileRef = 776F647629BF69CB00B6C808 /* SignInView.swift */; };
		776F647929BF69E500B6C808 /* SignInViewModel.swift in Sources */ = {isa = PBXBuildFile; fileRef = 776F647829BF69E500B6C808 /* SignInViewModel.swift */; };
		776F647B29BF6A0500B6C808 /* DetailsView.swift in Sources */ = {isa = PBXBuildFile; fileRef = 776F647A29BF6A0500B6C808 /* DetailsView.swift */; };
		776F647D29BF6A1300B6C808 /* ProfileView.swift in Sources */ = {isa = PBXBuildFile; fileRef = 776F647C29BF6A1300B6C808 /* ProfileView.swift */; };
		776F647F29BF6A2000B6C808 /* LoginView.swift in Sources */ = {isa = PBXBuildFile; fileRef = 776F647E29BF6A2000B6C808 /* LoginView.swift */; };
		776F648129BF6A3B00B6C808 /* DetailsViewModel.swift in Sources */ = {isa = PBXBuildFile; fileRef = 776F648029BF6A3B00B6C808 /* DetailsViewModel.swift */; };
		776F648329BF6A4B00B6C808 /* ProfileViewModel.swift in Sources */ = {isa = PBXBuildFile; fileRef = 776F648229BF6A4B00B6C808 /* ProfileViewModel.swift */; };
		776F648529BF6A5A00B6C808 /* LoginViewModel.swift in Sources */ = {isa = PBXBuildFile; fileRef = 776F648429BF6A5A00B6C808 /* LoginViewModel.swift */; };
		776F648729BF6A8300B6C808 /* MainCoordinator.swift in Sources */ = {isa = PBXBuildFile; fileRef = 776F648629BF6A8300B6C808 /* MainCoordinator.swift */; };
		776F648929BF6A9400B6C808 /* DetailsCoordinator.swift in Sources */ = {isa = PBXBuildFile; fileRef = 776F648829BF6A9400B6C808 /* DetailsCoordinator.swift */; };
		776F648B29BF6AA800B6C808 /* ProfileCoordinator.swift in Sources */ = {isa = PBXBuildFile; fileRef = 776F648A29BF6AA800B6C808 /* ProfileCoordinator.swift */; };
		776F648D29BF6ABF00B6C808 /* LoginCoordinator.swift in Sources */ = {isa = PBXBuildFile; fileRef = 776F648C29BF6ABF00B6C808 /* LoginCoordinator.swift */; };
		776F648F29BF6AD600B6C808 /* SignInCoordinator.swift in Sources */ = {isa = PBXBuildFile; fileRef = 776F648E29BF6AD600B6C808 /* SignInCoordinator.swift */; };
		776F649929BF82BC00B6C808 /* Coordinator.swift in Sources */ = {isa = PBXBuildFile; fileRef = 776F649829BF82BC00B6C808 /* Coordinator.swift */; };
		776F649C29BFB58300B6C808 /* AppAssembly.swift in Sources */ = {isa = PBXBuildFile; fileRef = 776F649B29BFB58300B6C808 /* AppAssembly.swift */; };
		776F649F29BFB87B00B6C808 /* User.swift in Sources */ = {isa = PBXBuildFile; fileRef = 776F649E29BFB87B00B6C808 /* User.swift */; };
		776F64A129C0B59900B6C808 /* MainAssembly.swift in Sources */ = {isa = PBXBuildFile; fileRef = 776F64A029C0B59900B6C808 /* MainAssembly.swift */; };
		776F64A329C0B6A900B6C808 /* LoginAssembly.swift in Sources */ = {isa = PBXBuildFile; fileRef = 776F64A229C0B6A900B6C808 /* LoginAssembly.swift */; };
		776F64A629C0BD0C00B6C808 /* AppDependecies.swift in Sources */ = {isa = PBXBuildFile; fileRef = 776F64A529C0BD0C00B6C808 /* AppDependecies.swift */; };
/* End PBXBuildFile section */

/* Begin PBXFileReference section */
		776F645629BF65ED00B6C808 /* Shop.app */ = {isa = PBXFileReference; explicitFileType = wrapper.application; includeInIndex = 0; path = Shop.app; sourceTree = BUILT_PRODUCTS_DIR; };
		776F645929BF65ED00B6C808 /* ShopApp.swift */ = {isa = PBXFileReference; lastKnownFileType = sourcecode.swift; path = ShopApp.swift; sourceTree = "<group>"; };
		776F645B29BF65ED00B6C808 /* ContentView.swift */ = {isa = PBXFileReference; lastKnownFileType = sourcecode.swift; path = ContentView.swift; sourceTree = "<group>"; };
		776F645D29BF65EF00B6C808 /* Assets.xcassets */ = {isa = PBXFileReference; lastKnownFileType = folder.assetcatalog; path = Assets.xcassets; sourceTree = "<group>"; };
		776F646029BF65EF00B6C808 /* Preview Assets.xcassets */ = {isa = PBXFileReference; lastKnownFileType = folder.assetcatalog; path = "Preview Assets.xcassets"; sourceTree = "<group>"; };
		776F647029BF688600B6C808 /* AppCoordinator.swift */ = {isa = PBXFileReference; lastKnownFileType = sourcecode.swift; path = AppCoordinator.swift; sourceTree = "<group>"; };
		776F647229BF694400B6C808 /* MainView.swift */ = {isa = PBXFileReference; lastKnownFileType = sourcecode.swift; path = MainView.swift; sourceTree = "<group>"; };
		776F647429BF698800B6C808 /* MainViewModel.swift */ = {isa = PBXFileReference; lastKnownFileType = sourcecode.swift; path = MainViewModel.swift; sourceTree = "<group>"; };
		776F647629BF69CB00B6C808 /* SignInView.swift */ = {isa = PBXFileReference; lastKnownFileType = sourcecode.swift; path = SignInView.swift; sourceTree = "<group>"; };
		776F647829BF69E500B6C808 /* SignInViewModel.swift */ = {isa = PBXFileReference; lastKnownFileType = sourcecode.swift; path = SignInViewModel.swift; sourceTree = "<group>"; };
		776F647A29BF6A0500B6C808 /* DetailsView.swift */ = {isa = PBXFileReference; lastKnownFileType = sourcecode.swift; path = DetailsView.swift; sourceTree = "<group>"; };
		776F647C29BF6A1300B6C808 /* ProfileView.swift */ = {isa = PBXFileReference; lastKnownFileType = sourcecode.swift; path = ProfileView.swift; sourceTree = "<group>"; };
		776F647E29BF6A2000B6C808 /* LoginView.swift */ = {isa = PBXFileReference; lastKnownFileType = sourcecode.swift; path = LoginView.swift; sourceTree = "<group>"; };
		776F648029BF6A3B00B6C808 /* DetailsViewModel.swift */ = {isa = PBXFileReference; lastKnownFileType = sourcecode.swift; path = DetailsViewModel.swift; sourceTree = "<group>"; };
		776F648229BF6A4B00B6C808 /* ProfileViewModel.swift */ = {isa = PBXFileReference; lastKnownFileType = sourcecode.swift; path = ProfileViewModel.swift; sourceTree = "<group>"; };
		776F648429BF6A5A00B6C808 /* LoginViewModel.swift */ = {isa = PBXFileReference; lastKnownFileType = sourcecode.swift; path = LoginViewModel.swift; sourceTree = "<group>"; };
		776F648629BF6A8300B6C808 /* MainCoordinator.swift */ = {isa = PBXFileReference; lastKnownFileType = sourcecode.swift; path = MainCoordinator.swift; sourceTree = "<group>"; };
		776F648829BF6A9400B6C808 /* DetailsCoordinator.swift */ = {isa = PBXFileReference; lastKnownFileType = sourcecode.swift; path = DetailsCoordinator.swift; sourceTree = "<group>"; };
		776F648A29BF6AA800B6C808 /* ProfileCoordinator.swift */ = {isa = PBXFileReference; lastKnownFileType = sourcecode.swift; path = ProfileCoordinator.swift; sourceTree = "<group>"; };
		776F648C29BF6ABF00B6C808 /* LoginCoordinator.swift */ = {isa = PBXFileReference; lastKnownFileType = sourcecode.swift; path = LoginCoordinator.swift; sourceTree = "<group>"; };
		776F648E29BF6AD600B6C808 /* SignInCoordinator.swift */ = {isa = PBXFileReference; lastKnownFileType = sourcecode.swift; path = SignInCoordinator.swift; sourceTree = "<group>"; };
		776F649829BF82BC00B6C808 /* Coordinator.swift */ = {isa = PBXFileReference; lastKnownFileType = sourcecode.swift; path = Coordinator.swift; sourceTree = "<group>"; };
		776F649B29BFB58300B6C808 /* AppAssembly.swift */ = {isa = PBXFileReference; lastKnownFileType = sourcecode.swift; path = AppAssembly.swift; sourceTree = "<group>"; };
		776F649E29BFB87B00B6C808 /* User.swift */ = {isa = PBXFileReference; lastKnownFileType = sourcecode.swift; path = User.swift; sourceTree = "<group>"; };
		776F64A029C0B59900B6C808 /* MainAssembly.swift */ = {isa = PBXFileReference; lastKnownFileType = sourcecode.swift; path = MainAssembly.swift; sourceTree = "<group>"; };
		776F64A229C0B6A900B6C808 /* LoginAssembly.swift */ = {isa = PBXFileReference; lastKnownFileType = sourcecode.swift; path = LoginAssembly.swift; sourceTree = "<group>"; };
		776F64A529C0BD0C00B6C808 /* AppDependecies.swift */ = {isa = PBXFileReference; lastKnownFileType = sourcecode.swift; path = AppDependecies.swift; sourceTree = "<group>"; };
		776F64A929C0E20E00B6C808 /* Info.plist */ = {isa = PBXFileReference; lastKnownFileType = text.plist.xml; path = Info.plist; sourceTree = "<group>"; };
/* End PBXFileReference section */

/* Begin PBXFrameworksBuildPhase section */
		776F645329BF65ED00B6C808 /* Frameworks */ = {
			isa = PBXFrameworksBuildPhase;
			buildActionMask = 2147483647;
			files = (
			);
			runOnlyForDeploymentPostprocessing = 0;
		};
/* End PBXFrameworksBuildPhase section */

/* Begin PBXGroup section */
		776F644D29BF65ED00B6C808 = {
			isa = PBXGroup;
			children = (
				776F645829BF65ED00B6C808 /* Shop */,
				776F645729BF65ED00B6C808 /* Products */,
			);
			sourceTree = "<group>";
		};
		776F645729BF65ED00B6C808 /* Products */ = {
			isa = PBXGroup;
			children = (
				776F645629BF65ED00B6C808 /* Shop.app */,
			);
			name = Products;
			sourceTree = "<group>";
		};
		776F645829BF65ED00B6C808 /* Shop */ = {
			isa = PBXGroup;
			children = (
				77C024B629C2585B00326201 /* SystemDesing */,
				776F64A929C0E20E00B6C808 /* Info.plist */,
				776F64A429C0BCE100B6C808 /* AppDependencies */,
				776F649A29BFB56F00B6C808 /* Assembly */,
				776F649729BF82A400B6C808 /* Protocols */,
				776F646929BF67B600B6C808 /* Models */,
				776F646829BF67A100B6C808 /* Coordinators */,
				776F646729BF679000B6C808 /* Views */,
				776F645929BF65ED00B6C808 /* ShopApp.swift */,
				776F645B29BF65ED00B6C808 /* ContentView.swift */,
				776F645D29BF65EF00B6C808 /* Assets.xcassets */,
				776F646A29BF67C600B6C808 /* Tests */,
				776F645F29BF65EF00B6C808 /* Preview Content */,
			);
			path = Shop;
			sourceTree = "<group>";
		};
		776F645F29BF65EF00B6C808 /* Preview Content */ = {
			isa = PBXGroup;
			children = (
				776F646029BF65EF00B6C808 /* Preview Assets.xcassets */,
			);
			path = "Preview Content";
			sourceTree = "<group>";
		};
		776F646729BF679000B6C808 /* Views */ = {
			isa = PBXGroup;
			children = (
				776F646B29BF67F100B6C808 /* SignIn */,
				776F646C29BF683500B6C808 /* Login */,
				776F646D29BF683E00B6C808 /* Profile */,
				776F646E29BF685300B6C808 /* Main */,
				776F646F29BF685A00B6C808 /* Details */,
			);
			path = Views;
			sourceTree = "<group>";
		};
		776F646829BF67A100B6C808 /* Coordinators */ = {
			isa = PBXGroup;
			children = (
				776F647029BF688600B6C808 /* AppCoordinator.swift */,
				776F648E29BF6AD600B6C808 /* SignInCoordinator.swift */,
				776F648C29BF6ABF00B6C808 /* LoginCoordinator.swift */,
				776F648A29BF6AA800B6C808 /* ProfileCoordinator.swift */,
				776F648629BF6A8300B6C808 /* MainCoordinator.swift */,
				776F648829BF6A9400B6C808 /* DetailsCoordinator.swift */,
			);
			path = Coordinators;
			sourceTree = "<group>";
		};
		776F646929BF67B600B6C808 /* Models */ = {
			isa = PBXGroup;
			children = (
				776F649E29BFB87B00B6C808 /* User.swift */,
			);
			path = Models;
			sourceTree = "<group>";
		};
		776F646A29BF67C600B6C808 /* Tests */ = {
			isa = PBXGroup;
			children = (
			);
			path = Tests;
			sourceTree = "<group>";
		};
		776F646B29BF67F100B6C808 /* SignIn */ = {
			isa = PBXGroup;
			children = (
				776F647629BF69CB00B6C808 /* SignInView.swift */,
				776F647829BF69E500B6C808 /* SignInViewModel.swift */,
			);
			path = SignIn;
			sourceTree = "<group>";
		};
		776F646C29BF683500B6C808 /* Login */ = {
			isa = PBXGroup;
			children = (
				776F647E29BF6A2000B6C808 /* LoginView.swift */,
				776F648429BF6A5A00B6C808 /* LoginViewModel.swift */,
			);
			path = Login;
			sourceTree = "<group>";
		};
		776F646D29BF683E00B6C808 /* Profile */ = {
			isa = PBXGroup;
			children = (
				776F647C29BF6A1300B6C808 /* ProfileView.swift */,
				776F648229BF6A4B00B6C808 /* ProfileViewModel.swift */,
			);
			path = Profile;
			sourceTree = "<group>";
		};
		776F646E29BF685300B6C808 /* Main */ = {
			isa = PBXGroup;
			children = (
				776F647229BF694400B6C808 /* MainView.swift */,
				776F647429BF698800B6C808 /* MainViewModel.swift */,
			);
			path = Main;
			sourceTree = "<group>";
		};
		776F646F29BF685A00B6C808 /* Details */ = {
			isa = PBXGroup;
			children = (
				776F647A29BF6A0500B6C808 /* DetailsView.swift */,
				776F648029BF6A3B00B6C808 /* DetailsViewModel.swift */,
			);
			path = Details;
			sourceTree = "<group>";
		};
		776F649729BF82A400B6C808 /* Protocols */ = {
			isa = PBXGroup;
			children = (
				776F649829BF82BC00B6C808 /* Coordinator.swift */,
			);
			path = Protocols;
			sourceTree = "<group>";
		};
		776F649A29BFB56F00B6C808 /* Assembly */ = {
			isa = PBXGroup;
			children = (
				776F649B29BFB58300B6C808 /* AppAssembly.swift */,
				776F64A029C0B59900B6C808 /* MainAssembly.swift */,
				776F64A229C0B6A900B6C808 /* LoginAssembly.swift */,
			);
			path = Assembly;
			sourceTree = "<group>";
		};
		776F64A429C0BCE100B6C808 /* AppDependencies */ = {
			isa = PBXGroup;
			children = (
				776F64A529C0BD0C00B6C808 /* AppDependecies.swift */,
			);
			path = AppDependencies;
			sourceTree = "<group>";
		};
		77C024B629C2585B00326201 /* SystemDesing */ = {
			isa = PBXGroup;
			children = (
			);
			path = SystemDesing;
			sourceTree = "<group>";
		};
/* End PBXGroup section */

/* Begin PBXNativeTarget section */
		776F645529BF65ED00B6C808 /* Shop */ = {
			isa = PBXNativeTarget;
			buildConfigurationList = 776F646429BF65EF00B6C808 /* Build configuration list for PBXNativeTarget "Shop" */;
			buildPhases = (
				776F645229BF65ED00B6C808 /* Sources */,
				776F645329BF65ED00B6C808 /* Frameworks */,
				776F645429BF65ED00B6C808 /* Resources */,
			);
			buildRules = (
			);
			dependencies = (
			);
			name = Shop;
			productName = Shop;
			productReference = 776F645629BF65ED00B6C808 /* Shop.app */;
			productType = "com.apple.product-type.application";
		};
/* End PBXNativeTarget section */

/* Begin PBXProject section */
		776F644E29BF65ED00B6C808 /* Project object */ = {
			isa = PBXProject;
			attributes = {
				BuildIndependentTargetsInParallel = 1;
				LastSwiftUpdateCheck = 1420;
				LastUpgradeCheck = 1420;
				TargetAttributes = {
					776F645529BF65ED00B6C808 = {
						CreatedOnToolsVersion = 14.2;
					};
				};
			};
			buildConfigurationList = 776F645129BF65ED00B6C808 /* Build configuration list for PBXProject "Shop" */;
			compatibilityVersion = "Xcode 14.0";
			developmentRegion = en;
			hasScannedForEncodings = 0;
			knownRegions = (
				en,
				Base,
			);
			mainGroup = 776F644D29BF65ED00B6C808;
			productRefGroup = 776F645729BF65ED00B6C808 /* Products */;
			projectDirPath = "";
			projectRoot = "";
			targets = (
				776F645529BF65ED00B6C808 /* Shop */,
			);
		};
/* End PBXProject section */

/* Begin PBXResourcesBuildPhase section */
		776F645429BF65ED00B6C808 /* Resources */ = {
			isa = PBXResourcesBuildPhase;
			buildActionMask = 2147483647;
			files = (
				776F646129BF65EF00B6C808 /* Preview Assets.xcassets in Resources */,
				776F645E29BF65EF00B6C808 /* Assets.xcassets in Resources */,
			);
			runOnlyForDeploymentPostprocessing = 0;
		};
/* End PBXResourcesBuildPhase section */

/* Begin PBXSourcesBuildPhase section */
		776F645229BF65ED00B6C808 /* Sources */ = {
			isa = PBXSourcesBuildPhase;
			buildActionMask = 2147483647;
			files = (
				776F64A129C0B59900B6C808 /* MainAssembly.swift in Sources */,
				776F648729BF6A8300B6C808 /* MainCoordinator.swift in Sources */,
				776F647929BF69E500B6C808 /* SignInViewModel.swift in Sources */,
				776F648929BF6A9400B6C808 /* DetailsCoordinator.swift in Sources */,
				776F647D29BF6A1300B6C808 /* ProfileView.swift in Sources */,
				776F647F29BF6A2000B6C808 /* LoginView.swift in Sources */,
				776F649929BF82BC00B6C808 /* Coordinator.swift in Sources */,
				776F647529BF698800B6C808 /* MainViewModel.swift in Sources */,
				776F647129BF688600B6C808 /* AppCoordinator.swift in Sources */,
				776F648B29BF6AA800B6C808 /* ProfileCoordinator.swift in Sources */,
				776F647329BF694400B6C808 /* MainView.swift in Sources */,
				776F648329BF6A4B00B6C808 /* ProfileViewModel.swift in Sources */,
				776F648D29BF6ABF00B6C808 /* LoginCoordinator.swift in Sources */,
				776F649C29BFB58300B6C808 /* AppAssembly.swift in Sources */,
				776F645C29BF65ED00B6C808 /* ContentView.swift in Sources */,
				776F648529BF6A5A00B6C808 /* LoginViewModel.swift in Sources */,
				776F64A329C0B6A900B6C808 /* LoginAssembly.swift in Sources */,
				776F64A629C0BD0C00B6C808 /* AppDependecies.swift in Sources */,
				776F648129BF6A3B00B6C808 /* DetailsViewModel.swift in Sources */,
				776F648F29BF6AD600B6C808 /* SignInCoordinator.swift in Sources */,
				776F647B29BF6A0500B6C808 /* DetailsView.swift in Sources */,
				776F647729BF69CB00B6C808 /* SignInView.swift in Sources */,
				776F645A29BF65ED00B6C808 /* ShopApp.swift in Sources */,
				776F649F29BFB87B00B6C808 /* User.swift in Sources */,
			);
			runOnlyForDeploymentPostprocessing = 0;
		};
/* End PBXSourcesBuildPhase section */

/* Begin XCBuildConfiguration section */
		776F646229BF65EF00B6C808 /* Debug */ = {
			isa = XCBuildConfiguration;
			buildSettings = {
				ALWAYS_SEARCH_USER_PATHS = NO;
				CLANG_ANALYZER_NONNULL = YES;
				CLANG_ANALYZER_NUMBER_OBJECT_CONVERSION = YES_AGGRESSIVE;
				CLANG_CXX_LANGUAGE_STANDARD = "gnu++20";
				CLANG_ENABLE_MODULES = YES;
				CLANG_ENABLE_OBJC_ARC = YES;
				CLANG_ENABLE_OBJC_WEAK = YES;
				CLANG_WARN_BLOCK_CAPTURE_AUTORELEASING = YES;
				CLANG_WARN_BOOL_CONVERSION = YES;
				CLANG_WARN_COMMA = YES;
				CLANG_WARN_CONSTANT_CONVERSION = YES;
				CLANG_WARN_DEPRECATED_OBJC_IMPLEMENTATIONS = YES;
				CLANG_WARN_DIRECT_OBJC_ISA_USAGE = YES_ERROR;
				CLANG_WARN_DOCUMENTATION_COMMENTS = YES;
				CLANG_WARN_EMPTY_BODY = YES;
				CLANG_WARN_ENUM_CONVERSION = YES;
				CLANG_WARN_INFINITE_RECURSION = YES;
				CLANG_WARN_INT_CONVERSION = YES;
				CLANG_WARN_NON_LITERAL_NULL_CONVERSION = YES;
				CLANG_WARN_OBJC_IMPLICIT_RETAIN_SELF = YES;
				CLANG_WARN_OBJC_LITERAL_CONVERSION = YES;
				CLANG_WARN_OBJC_ROOT_CLASS = YES_ERROR;
				CLANG_WARN_QUOTED_INCLUDE_IN_FRAMEWORK_HEADER = YES;
				CLANG_WARN_RANGE_LOOP_ANALYSIS = YES;
				CLANG_WARN_STRICT_PROTOTYPES = YES;
				CLANG_WARN_SUSPICIOUS_MOVE = YES;
				CLANG_WARN_UNGUARDED_AVAILABILITY = YES_AGGRESSIVE;
				CLANG_WARN_UNREACHABLE_CODE = YES;
				CLANG_WARN__DUPLICATE_METHOD_MATCH = YES;
				COPY_PHASE_STRIP = NO;
				DEBUG_INFORMATION_FORMAT = dwarf;
				ENABLE_STRICT_OBJC_MSGSEND = YES;
				ENABLE_TESTABILITY = YES;
				GCC_C_LANGUAGE_STANDARD = gnu11;
				GCC_DYNAMIC_NO_PIC = NO;
				GCC_NO_COMMON_BLOCKS = YES;
				GCC_OPTIMIZATION_LEVEL = 0;
				GCC_PREPROCESSOR_DEFINITIONS = (
					"DEBUG=1",
					"$(inherited)",
				);
				GCC_WARN_64_TO_32_BIT_CONVERSION = YES;
				GCC_WARN_ABOUT_RETURN_TYPE = YES_ERROR;
				GCC_WARN_UNDECLARED_SELECTOR = YES;
				GCC_WARN_UNINITIALIZED_AUTOS = YES_AGGRESSIVE;
				GCC_WARN_UNUSED_FUNCTION = YES;
				GCC_WARN_UNUSED_VARIABLE = YES;
				IPHONEOS_DEPLOYMENT_TARGET = 16.2;
				MTL_ENABLE_DEBUG_INFO = INCLUDE_SOURCE;
				MTL_FAST_MATH = YES;
				ONLY_ACTIVE_ARCH = YES;
				SDKROOT = iphoneos;
				SWIFT_ACTIVE_COMPILATION_CONDITIONS = DEBUG;
				SWIFT_OPTIMIZATION_LEVEL = "-Onone";
			};
			name = Debug;
		};
		776F646329BF65EF00B6C808 /* Release */ = {
			isa = XCBuildConfiguration;
			buildSettings = {
				ALWAYS_SEARCH_USER_PATHS = NO;
				CLANG_ANALYZER_NONNULL = YES;
				CLANG_ANALYZER_NUMBER_OBJECT_CONVERSION = YES_AGGRESSIVE;
				CLANG_CXX_LANGUAGE_STANDARD = "gnu++20";
				CLANG_ENABLE_MODULES = YES;
				CLANG_ENABLE_OBJC_ARC = YES;
				CLANG_ENABLE_OBJC_WEAK = YES;
				CLANG_WARN_BLOCK_CAPTURE_AUTORELEASING = YES;
				CLANG_WARN_BOOL_CONVERSION = YES;
				CLANG_WARN_COMMA = YES;
				CLANG_WARN_CONSTANT_CONVERSION = YES;
				CLANG_WARN_DEPRECATED_OBJC_IMPLEMENTATIONS = YES;
				CLANG_WARN_DIRECT_OBJC_ISA_USAGE = YES_ERROR;
				CLANG_WARN_DOCUMENTATION_COMMENTS = YES;
				CLANG_WARN_EMPTY_BODY = YES;
				CLANG_WARN_ENUM_CONVERSION = YES;
				CLANG_WARN_INFINITE_RECURSION = YES;
				CLANG_WARN_INT_CONVERSION = YES;
				CLANG_WARN_NON_LITERAL_NULL_CONVERSION = YES;
				CLANG_WARN_OBJC_IMPLICIT_RETAIN_SELF = YES;
				CLANG_WARN_OBJC_LITERAL_CONVERSION = YES;
				CLANG_WARN_OBJC_ROOT_CLASS = YES_ERROR;
				CLANG_WARN_QUOTED_INCLUDE_IN_FRAMEWORK_HEADER = YES;
				CLANG_WARN_RANGE_LOOP_ANALYSIS = YES;
				CLANG_WARN_STRICT_PROTOTYPES = YES;
				CLANG_WARN_SUSPICIOUS_MOVE = YES;
				CLANG_WARN_UNGUARDED_AVAILABILITY = YES_AGGRESSIVE;
				CLANG_WARN_UNREACHABLE_CODE = YES;
				CLANG_WARN__DUPLICATE_METHOD_MATCH = YES;
				COPY_PHASE_STRIP = NO;
				DEBUG_INFORMATION_FORMAT = "dwarf-with-dsym";
				ENABLE_NS_ASSERTIONS = NO;
				ENABLE_STRICT_OBJC_MSGSEND = YES;
				GCC_C_LANGUAGE_STANDARD = gnu11;
				GCC_NO_COMMON_BLOCKS = YES;
				GCC_WARN_64_TO_32_BIT_CONVERSION = YES;
				GCC_WARN_ABOUT_RETURN_TYPE = YES_ERROR;
				GCC_WARN_UNDECLARED_SELECTOR = YES;
				GCC_WARN_UNINITIALIZED_AUTOS = YES_AGGRESSIVE;
				GCC_WARN_UNUSED_FUNCTION = YES;
				GCC_WARN_UNUSED_VARIABLE = YES;
				IPHONEOS_DEPLOYMENT_TARGET = 16.2;
				MTL_ENABLE_DEBUG_INFO = NO;
				MTL_FAST_MATH = YES;
				SDKROOT = iphoneos;
				SWIFT_COMPILATION_MODE = wholemodule;
				SWIFT_OPTIMIZATION_LEVEL = "-O";
				VALIDATE_PRODUCT = YES;
			};
			name = Release;
		};
		776F646529BF65EF00B6C808 /* Debug */ = {
			isa = XCBuildConfiguration;
			buildSettings = {
				ASSETCATALOG_COMPILER_APPICON_NAME = AppIcon;
				ASSETCATALOG_COMPILER_GLOBAL_ACCENT_COLOR_NAME = AccentColor;
				CODE_SIGN_STYLE = Automatic;
				CURRENT_PROJECT_VERSION = 1;
				DEVELOPMENT_ASSET_PATHS = "\"Shop/Preview Content\"";
				DEVELOPMENT_TEAM = RW8DRR2459;
				ENABLE_PREVIEWS = YES;
				GENERATE_INFOPLIST_FILE = YES;
				INFOPLIST_KEY_UIApplicationSceneManifest_Generation = YES;
				INFOPLIST_KEY_UIApplicationSupportsIndirectInputEvents = YES;
				INFOPLIST_KEY_UILaunchScreen_Generation = YES;
				INFOPLIST_KEY_UISupportedInterfaceOrientations_iPad = "UIInterfaceOrientationPortrait UIInterfaceOrientationPortraitUpsideDown UIInterfaceOrientationLandscapeLeft UIInterfaceOrientationLandscapeRight";
				INFOPLIST_KEY_UISupportedInterfaceOrientations_iPhone = "UIInterfaceOrientationPortrait UIInterfaceOrientationLandscapeLeft UIInterfaceOrientationLandscapeRight";
				LD_RUNPATH_SEARCH_PATHS = (
					"$(inherited)",
					"@executable_path/Frameworks",
				);
				MARKETING_VERSION = 1.0;
				PRODUCT_BUNDLE_IDENTIFIER = moraWoo.Shop;
				PRODUCT_NAME = "$(TARGET_NAME)";
				SWIFT_EMIT_LOC_STRINGS = YES;
				SWIFT_VERSION = 5.0;
				TARGETED_DEVICE_FAMILY = "1,2";
			};
			name = Debug;
		};
		776F646629BF65EF00B6C808 /* Release */ = {
			isa = XCBuildConfiguration;
			buildSettings = {
				ASSETCATALOG_COMPILER_APPICON_NAME = AppIcon;
				ASSETCATALOG_COMPILER_GLOBAL_ACCENT_COLOR_NAME = AccentColor;
				CODE_SIGN_STYLE = Automatic;
				CURRENT_PROJECT_VERSION = 1;
				DEVELOPMENT_ASSET_PATHS = "\"Shop/Preview Content\"";
				DEVELOPMENT_TEAM = RW8DRR2459;
				ENABLE_PREVIEWS = YES;
				GENERATE_INFOPLIST_FILE = YES;
				INFOPLIST_KEY_UIApplicationSceneManifest_Generation = YES;
				INFOPLIST_KEY_UIApplicationSupportsIndirectInputEvents = YES;
				INFOPLIST_KEY_UILaunchScreen_Generation = YES;
				INFOPLIST_KEY_UISupportedInterfaceOrientations_iPad = "UIInterfaceOrientationPortrait UIInterfaceOrientationPortraitUpsideDown UIInterfaceOrientationLandscapeLeft UIInterfaceOrientationLandscapeRight";
				INFOPLIST_KEY_UISupportedInterfaceOrientations_iPhone = "UIInterfaceOrientationPortrait UIInterfaceOrientationLandscapeLeft UIInterfaceOrientationLandscapeRight";
				LD_RUNPATH_SEARCH_PATHS = (
					"$(inherited)",
					"@executable_path/Frameworks",
				);
				MARKETING_VERSION = 1.0;
				PRODUCT_BUNDLE_IDENTIFIER = moraWoo.Shop;
				PRODUCT_NAME = "$(TARGET_NAME)";
				SWIFT_EMIT_LOC_STRINGS = YES;
				SWIFT_VERSION = 5.0;
				TARGETED_DEVICE_FAMILY = "1,2";
			};
			name = Release;
		};
/* End XCBuildConfiguration section */

/* Begin XCConfigurationList section */
		776F645129BF65ED00B6C808 /* Build configuration list for PBXProject "Shop" */ = {
			isa = XCConfigurationList;
			buildConfigurations = (
				776F646229BF65EF00B6C808 /* Debug */,
				776F646329BF65EF00B6C808 /* Release */,
			);
			defaultConfigurationIsVisible = 0;
			defaultConfigurationName = Release;
		};
		776F646429BF65EF00B6C808 /* Build configuration list for PBXNativeTarget "Shop" */ = {
			isa = XCConfigurationList;
			buildConfigurations = (
				776F646529BF65EF00B6C808 /* Debug */,
				776F646629BF65EF00B6C808 /* Release */,
			);
			defaultConfigurationIsVisible = 0;
			defaultConfigurationName = Release;
		};
/* End XCConfigurationList section */
	};
	rootObject = 776F644E29BF65ED00B6C808 /* Project object */;
}
