// !$*UTF8*$!
{
	archiveVersion = 1;
	classes = {
	};
	objectVersion = 56;
	objects = {

/* Begin PBXBuildFile section */
		631AE50C29CF26A8008B4472 /* LatestItem.swift in Sources */ = {isa = PBXBuildFile; fileRef = 631AE50B29CF26A8008B4472 /* LatestItem.swift */; };
		631AE50E29CF27A7008B4472 /* FlashSaleItem.swift in Sources */ = {isa = PBXBuildFile; fileRef = 631AE50D29CF27A7008B4472 /* FlashSaleItem.swift */; };
		63378B3929CE16DA00B17989 /* LatestProducts.swift in Sources */ = {isa = PBXBuildFile; fileRef = 63378B3829CE16DA00B17989 /* LatestProducts.swift */; };
		63378B3B29CE16FC00B17989 /* FlashSaleProduct.swift in Sources */ = {isa = PBXBuildFile; fileRef = 63378B3A29CE16FC00B17989 /* FlashSaleProduct.swift */; };
		63378B3E29CE192F00B17989 /* ProductDetails.swift in Sources */ = {isa = PBXBuildFile; fileRef = 63378B3D29CE192F00B17989 /* ProductDetails.swift */; };
		63378B4129CE1C2A00B17989 /* URLConstants.swift in Sources */ = {isa = PBXBuildFile; fileRef = 63378B4029CE1C2A00B17989 /* URLConstants.swift */; };
		63378B4329CE1D4B00B17989 /* NetworkManager.swift in Sources */ = {isa = PBXBuildFile; fileRef = 63378B4229CE1D4B00B17989 /* NetworkManager.swift */; };
		63680DAF29D1AF910079CDF1 /* NavigationManager.swift in Sources */ = {isa = PBXBuildFile; fileRef = 63680DAE29D1AF910079CDF1 /* NavigationManager.swift */; };
		77627C3B29C8814700EA0E11 /* UserData.xcdatamodeld in Sources */ = {isa = PBXBuildFile; fileRef = 77627C3929C8814700EA0E11 /* UserData.xcdatamodeld */; };
		77627C3D29C885F500EA0E11 /* UserRepository.swift in Sources */ = {isa = PBXBuildFile; fileRef = 77627C3C29C885F500EA0E11 /* UserRepository.swift */; };
		776F645A29BF65ED00B6C808 /* ShopApp.swift in Sources */ = {isa = PBXBuildFile; fileRef = 776F645929BF65ED00B6C808 /* ShopApp.swift */; };
		776F645E29BF65EF00B6C808 /* Assets.xcassets in Resources */ = {isa = PBXBuildFile; fileRef = 776F645D29BF65EF00B6C808 /* Assets.xcassets */; };
		776F646129BF65EF00B6C808 /* Preview Assets.xcassets in Resources */ = {isa = PBXBuildFile; fileRef = 776F646029BF65EF00B6C808 /* Preview Assets.xcassets */; };
		776F647129BF688600B6C808 /* AppCoordinator.swift in Sources */ = {isa = PBXBuildFile; fileRef = 776F647029BF688600B6C808 /* AppCoordinator.swift */; };
		776F647329BF694400B6C808 /* MainView.swift in Sources */ = {isa = PBXBuildFile; fileRef = 776F647229BF694400B6C808 /* MainView.swift */; };
		776F647529BF698800B6C808 /* MainViewModel.swift in Sources */ = {isa = PBXBuildFile; fileRef = 776F647429BF698800B6C808 /* MainViewModel.swift */; };
		776F647729BF69CB00B6C808 /* SignUpView.swift in Sources */ = {isa = PBXBuildFile; fileRef = 776F647629BF69CB00B6C808 /* SignUpView.swift */; };
		776F647929BF69E500B6C808 /* SignUpViewModel.swift in Sources */ = {isa = PBXBuildFile; fileRef = 776F647829BF69E500B6C808 /* SignUpViewModel.swift */; };
		776F647B29BF6A0500B6C808 /* DetailView.swift in Sources */ = {isa = PBXBuildFile; fileRef = 776F647A29BF6A0500B6C808 /* DetailView.swift */; };
		776F647D29BF6A1300B6C808 /* PersonInfoView.swift in Sources */ = {isa = PBXBuildFile; fileRef = 776F647C29BF6A1300B6C808 /* PersonInfoView.swift */; };
		776F647F29BF6A2000B6C808 /* LoginView.swift in Sources */ = {isa = PBXBuildFile; fileRef = 776F647E29BF6A2000B6C808 /* LoginView.swift */; };
		776F648129BF6A3B00B6C808 /* DetailViewModel.swift in Sources */ = {isa = PBXBuildFile; fileRef = 776F648029BF6A3B00B6C808 /* DetailViewModel.swift */; };
		776F648329BF6A4B00B6C808 /* PersonInfoViewModel.swift in Sources */ = {isa = PBXBuildFile; fileRef = 776F648229BF6A4B00B6C808 /* PersonInfoViewModel.swift */; };
		776F648529BF6A5A00B6C808 /* LoginViewModel.swift in Sources */ = {isa = PBXBuildFile; fileRef = 776F648429BF6A5A00B6C808 /* LoginViewModel.swift */; };
		776F648729BF6A8300B6C808 /* MainCoordinator.swift in Sources */ = {isa = PBXBuildFile; fileRef = 776F648629BF6A8300B6C808 /* MainCoordinator.swift */; };
		776F648929BF6A9400B6C808 /* DetailCoordinator.swift in Sources */ = {isa = PBXBuildFile; fileRef = 776F648829BF6A9400B6C808 /* DetailCoordinator.swift */; };
		776F648B29BF6AA800B6C808 /* PersonInfoCoordinator.swift in Sources */ = {isa = PBXBuildFile; fileRef = 776F648A29BF6AA800B6C808 /* PersonInfoCoordinator.swift */; };
		776F648D29BF6ABF00B6C808 /* LoginCoordinator.swift in Sources */ = {isa = PBXBuildFile; fileRef = 776F648C29BF6ABF00B6C808 /* LoginCoordinator.swift */; };
		776F648F29BF6AD600B6C808 /* SignUpCoordinator.swift in Sources */ = {isa = PBXBuildFile; fileRef = 776F648E29BF6AD600B6C808 /* SignUpCoordinator.swift */; };
		776F649929BF82BC00B6C808 /* Coordinator.swift in Sources */ = {isa = PBXBuildFile; fileRef = 776F649829BF82BC00B6C808 /* Coordinator.swift */; };
		776F649C29BFB58300B6C808 /* AppAssembly.swift in Sources */ = {isa = PBXBuildFile; fileRef = 776F649B29BFB58300B6C808 /* AppAssembly.swift */; };
		776F64A129C0B59900B6C808 /* MainAssembly.swift in Sources */ = {isa = PBXBuildFile; fileRef = 776F64A029C0B59900B6C808 /* MainAssembly.swift */; };
		776F64A329C0B6A900B6C808 /* LoginAssembly.swift in Sources */ = {isa = PBXBuildFile; fileRef = 776F64A229C0B6A900B6C808 /* LoginAssembly.swift */; };
		776F64A629C0BD0C00B6C808 /* AppDependecies.swift in Sources */ = {isa = PBXBuildFile; fileRef = 776F64A529C0BD0C00B6C808 /* AppDependecies.swift */; };
		77BEE4FC29C715340055EFB4 /* DataManager.swift in Sources */ = {isa = PBXBuildFile; fileRef = 77BEE4FB29C715340055EFB4 /* DataManager.swift */; };
		77BEE4FF29C716470055EFB4 /* Montserrat-Regular.ttf in Resources */ = {isa = PBXBuildFile; fileRef = 77BEE4FE29C716470055EFB4 /* Montserrat-Regular.ttf */; };
		77BEE50629C719010055EFB4 /* SignUpAssembly.swift in Sources */ = {isa = PBXBuildFile; fileRef = 77BEE50529C719010055EFB4 /* SignUpAssembly.swift */; };
		77BEE50829C719240055EFB4 /* PersonInfoAssembly.swift in Sources */ = {isa = PBXBuildFile; fileRef = 77BEE50729C719240055EFB4 /* PersonInfoAssembly.swift */; };
		77BEE50A29C719350055EFB4 /* DetailAssembly.swift in Sources */ = {isa = PBXBuildFile; fileRef = 77BEE50929C719350055EFB4 /* DetailAssembly.swift */; };
		77BEE50D29C71A850055EFB4 /* ViewModifiers.swift in Sources */ = {isa = PBXBuildFile; fileRef = 77BEE50C29C71A850055EFB4 /* ViewModifiers.swift */; };
		77BEE50F29C71AD70055EFB4 /* SecureTextFieldParentProtocol.swift in Sources */ = {isa = PBXBuildFile; fileRef = 77BEE50E29C71AD70055EFB4 /* SecureTextFieldParentProtocol.swift */; };
		77BEE51129C71AF50055EFB4 /* SecureTextFieldView.swift in Sources */ = {isa = PBXBuildFile; fileRef = 77BEE51029C71AF50055EFB4 /* SecureTextFieldView.swift */; };
		77BEE51329C71BE00055EFB4 /* TopBarView.swift in Sources */ = {isa = PBXBuildFile; fileRef = 77BEE51229C71BE00055EFB4 /* TopBarView.swift */; };
		77BEE51529C71C160055EFB4 /* SearchBarView.swift in Sources */ = {isa = PBXBuildFile; fileRef = 77BEE51429C71C160055EFB4 /* SearchBarView.swift */; };
		77BEE51729C71C410055EFB4 /* CircleButtonView.swift in Sources */ = {isa = PBXBuildFile; fileRef = 77BEE51629C71C410055EFB4 /* CircleButtonView.swift */; };
		77BEE51929C71C570055EFB4 /* TabContents.swift in Sources */ = {isa = PBXBuildFile; fileRef = 77BEE51829C71C570055EFB4 /* TabContents.swift */; };
		77BEE51B29C71C7D0055EFB4 /* ItemCardView.swift in Sources */ = {isa = PBXBuildFile; fileRef = 77BEE51A29C71C7D0055EFB4 /* ItemCardView.swift */; };
		77BEE51D29C71C990055EFB4 /* ItemRowView.swift in Sources */ = {isa = PBXBuildFile; fileRef = 77BEE51C29C71C990055EFB4 /* ItemRowView.swift */; };
		77BEE51F29C71CB20055EFB4 /* CustomTabBar.swift in Sources */ = {isa = PBXBuildFile; fileRef = 77BEE51E29C71CB20055EFB4 /* CustomTabBar.swift */; };
		77BEE52129C71CCE0055EFB4 /* PickerLocation.swift in Sources */ = {isa = PBXBuildFile; fileRef = 77BEE52029C71CCE0055EFB4 /* PickerLocation.swift */; };
		77BEE52329C71D500055EFB4 /* TopView.swift in Sources */ = {isa = PBXBuildFile; fileRef = 77BEE52229C71D500055EFB4 /* TopView.swift */; };
		77BEE52529C71D6B0055EFB4 /* SettingsList.swift in Sources */ = {isa = PBXBuildFile; fileRef = 77BEE52429C71D6B0055EFB4 /* SettingsList.swift */; };
		77BEE52729C71DEA0055EFB4 /* MainImage.swift in Sources */ = {isa = PBXBuildFile; fileRef = 77BEE52629C71DEA0055EFB4 /* MainImage.swift */; };
		77BEE52929C71E110055EFB4 /* ZoomImagesView.swift in Sources */ = {isa = PBXBuildFile; fileRef = 77BEE52829C71E110055EFB4 /* ZoomImagesView.swift */; };
		77BEE52B29C71E300055EFB4 /* DetailText.swift in Sources */ = {isa = PBXBuildFile; fileRef = 77BEE52A29C71E300055EFB4 /* DetailText.swift */; };
		77BEE52D29C71E4A0055EFB4 /* ChooseColor.swift in Sources */ = {isa = PBXBuildFile; fileRef = 77BEE52C29C71E4A0055EFB4 /* ChooseColor.swift */; };
		77BEE52F29C71E600055EFB4 /* ColorPickerView.swift in Sources */ = {isa = PBXBuildFile; fileRef = 77BEE52E29C71E600055EFB4 /* ColorPickerView.swift */; };
		77BEE53229C727C50055EFB4 /* Regex.swift in Sources */ = {isa = PBXBuildFile; fileRef = 77BEE53129C727C50055EFB4 /* Regex.swift */; };
		77D2B30B29CB6F210013D3DF /* ImagePicker.swift in Sources */ = {isa = PBXBuildFile; fileRef = 77D2B30A29CB6F210013D3DF /* ImagePicker.swift */; };
		77FA557C29C73F8E009638F3 /* CustomTextField.swift in Sources */ = {isa = PBXBuildFile; fileRef = 77FA557B29C73F8E009638F3 /* CustomTextField.swift */; };
/* End PBXBuildFile section */

/* Begin PBXFileReference section */
		631AE50B29CF26A8008B4472 /* LatestItem.swift */ = {isa = PBXFileReference; lastKnownFileType = sourcecode.swift; path = LatestItem.swift; sourceTree = "<group>"; };
		631AE50D29CF27A7008B4472 /* FlashSaleItem.swift */ = {isa = PBXFileReference; lastKnownFileType = sourcecode.swift; path = FlashSaleItem.swift; sourceTree = "<group>"; };
		63378B3829CE16DA00B17989 /* LatestProducts.swift */ = {isa = PBXFileReference; lastKnownFileType = sourcecode.swift; path = LatestProducts.swift; sourceTree = "<group>"; };
		63378B3A29CE16FC00B17989 /* FlashSaleProduct.swift */ = {isa = PBXFileReference; lastKnownFileType = sourcecode.swift; path = FlashSaleProduct.swift; sourceTree = "<group>"; };
		63378B3D29CE192F00B17989 /* ProductDetails.swift */ = {isa = PBXFileReference; lastKnownFileType = sourcecode.swift; path = ProductDetails.swift; sourceTree = "<group>"; };
		63378B4029CE1C2A00B17989 /* URLConstants.swift */ = {isa = PBXFileReference; lastKnownFileType = sourcecode.swift; path = URLConstants.swift; sourceTree = "<group>"; };
		63378B4229CE1D4B00B17989 /* NetworkManager.swift */ = {isa = PBXFileReference; lastKnownFileType = sourcecode.swift; path = NetworkManager.swift; sourceTree = "<group>"; };
		63680DAE29D1AF910079CDF1 /* NavigationManager.swift */ = {isa = PBXFileReference; lastKnownFileType = sourcecode.swift; path = NavigationManager.swift; sourceTree = "<group>"; };
		77627C3A29C8814700EA0E11 /* UserData.xcdatamodel */ = {isa = PBXFileReference; lastKnownFileType = wrapper.xcdatamodel; path = UserData.xcdatamodel; sourceTree = "<group>"; };
		77627C3C29C885F500EA0E11 /* UserRepository.swift */ = {isa = PBXFileReference; lastKnownFileType = sourcecode.swift; path = UserRepository.swift; sourceTree = "<group>"; };
		776F645629BF65ED00B6C808 /* Shop.app */ = {isa = PBXFileReference; explicitFileType = wrapper.application; includeInIndex = 0; path = Shop.app; sourceTree = BUILT_PRODUCTS_DIR; };
		776F645929BF65ED00B6C808 /* ShopApp.swift */ = {isa = PBXFileReference; lastKnownFileType = sourcecode.swift; path = ShopApp.swift; sourceTree = "<group>"; };
		776F645D29BF65EF00B6C808 /* Assets.xcassets */ = {isa = PBXFileReference; lastKnownFileType = folder.assetcatalog; path = Assets.xcassets; sourceTree = "<group>"; };
		776F646029BF65EF00B6C808 /* Preview Assets.xcassets */ = {isa = PBXFileReference; lastKnownFileType = folder.assetcatalog; path = "Preview Assets.xcassets"; sourceTree = "<group>"; };
		776F647029BF688600B6C808 /* AppCoordinator.swift */ = {isa = PBXFileReference; lastKnownFileType = sourcecode.swift; path = AppCoordinator.swift; sourceTree = "<group>"; };
		776F647229BF694400B6C808 /* MainView.swift */ = {isa = PBXFileReference; lastKnownFileType = sourcecode.swift; path = MainView.swift; sourceTree = "<group>"; };
		776F647429BF698800B6C808 /* MainViewModel.swift */ = {isa = PBXFileReference; lastKnownFileType = sourcecode.swift; path = MainViewModel.swift; sourceTree = "<group>"; };
		776F647629BF69CB00B6C808 /* SignUpView.swift */ = {isa = PBXFileReference; lastKnownFileType = sourcecode.swift; path = SignUpView.swift; sourceTree = "<group>"; };
		776F647829BF69E500B6C808 /* SignUpViewModel.swift */ = {isa = PBXFileReference; lastKnownFileType = sourcecode.swift; path = SignUpViewModel.swift; sourceTree = "<group>"; };
		776F647A29BF6A0500B6C808 /* DetailView.swift */ = {isa = PBXFileReference; lastKnownFileType = sourcecode.swift; path = DetailView.swift; sourceTree = "<group>"; };
		776F647C29BF6A1300B6C808 /* PersonInfoView.swift */ = {isa = PBXFileReference; lastKnownFileType = sourcecode.swift; path = PersonInfoView.swift; sourceTree = "<group>"; };
		776F647E29BF6A2000B6C808 /* LoginView.swift */ = {isa = PBXFileReference; lastKnownFileType = sourcecode.swift; path = LoginView.swift; sourceTree = "<group>"; };
		776F648029BF6A3B00B6C808 /* DetailViewModel.swift */ = {isa = PBXFileReference; lastKnownFileType = sourcecode.swift; path = DetailViewModel.swift; sourceTree = "<group>"; };
		776F648229BF6A4B00B6C808 /* PersonInfoViewModel.swift */ = {isa = PBXFileReference; lastKnownFileType = sourcecode.swift; path = PersonInfoViewModel.swift; sourceTree = "<group>"; };
		776F648429BF6A5A00B6C808 /* LoginViewModel.swift */ = {isa = PBXFileReference; lastKnownFileType = sourcecode.swift; path = LoginViewModel.swift; sourceTree = "<group>"; };
		776F648629BF6A8300B6C808 /* MainCoordinator.swift */ = {isa = PBXFileReference; lastKnownFileType = sourcecode.swift; path = MainCoordinator.swift; sourceTree = "<group>"; };
		776F648829BF6A9400B6C808 /* DetailCoordinator.swift */ = {isa = PBXFileReference; lastKnownFileType = sourcecode.swift; path = DetailCoordinator.swift; sourceTree = "<group>"; };
		776F648A29BF6AA800B6C808 /* PersonInfoCoordinator.swift */ = {isa = PBXFileReference; lastKnownFileType = sourcecode.swift; path = PersonInfoCoordinator.swift; sourceTree = "<group>"; };
		776F648C29BF6ABF00B6C808 /* LoginCoordinator.swift */ = {isa = PBXFileReference; lastKnownFileType = sourcecode.swift; path = LoginCoordinator.swift; sourceTree = "<group>"; };
		776F648E29BF6AD600B6C808 /* SignUpCoordinator.swift */ = {isa = PBXFileReference; lastKnownFileType = sourcecode.swift; path = SignUpCoordinator.swift; sourceTree = "<group>"; };
		776F649829BF82BC00B6C808 /* Coordinator.swift */ = {isa = PBXFileReference; lastKnownFileType = sourcecode.swift; path = Coordinator.swift; sourceTree = "<group>"; };
		776F649B29BFB58300B6C808 /* AppAssembly.swift */ = {isa = PBXFileReference; lastKnownFileType = sourcecode.swift; path = AppAssembly.swift; sourceTree = "<group>"; };
		776F64A029C0B59900B6C808 /* MainAssembly.swift */ = {isa = PBXFileReference; lastKnownFileType = sourcecode.swift; path = MainAssembly.swift; sourceTree = "<group>"; };
		776F64A229C0B6A900B6C808 /* LoginAssembly.swift */ = {isa = PBXFileReference; lastKnownFileType = sourcecode.swift; path = LoginAssembly.swift; sourceTree = "<group>"; };
		776F64A529C0BD0C00B6C808 /* AppDependecies.swift */ = {isa = PBXFileReference; lastKnownFileType = sourcecode.swift; path = AppDependecies.swift; sourceTree = "<group>"; };
		77BEE4FB29C715340055EFB4 /* DataManager.swift */ = {isa = PBXFileReference; lastKnownFileType = sourcecode.swift; path = DataManager.swift; sourceTree = "<group>"; };
		77BEE4FE29C716470055EFB4 /* Montserrat-Regular.ttf */ = {isa = PBXFileReference; lastKnownFileType = file; path = "Montserrat-Regular.ttf"; sourceTree = "<group>"; };
		77BEE50529C719010055EFB4 /* SignUpAssembly.swift */ = {isa = PBXFileReference; lastKnownFileType = sourcecode.swift; path = SignUpAssembly.swift; sourceTree = "<group>"; };
		77BEE50729C719240055EFB4 /* PersonInfoAssembly.swift */ = {isa = PBXFileReference; lastKnownFileType = sourcecode.swift; path = PersonInfoAssembly.swift; sourceTree = "<group>"; };
		77BEE50929C719350055EFB4 /* DetailAssembly.swift */ = {isa = PBXFileReference; lastKnownFileType = sourcecode.swift; path = DetailAssembly.swift; sourceTree = "<group>"; };
		77BEE50C29C71A850055EFB4 /* ViewModifiers.swift */ = {isa = PBXFileReference; lastKnownFileType = sourcecode.swift; path = ViewModifiers.swift; sourceTree = "<group>"; };
		77BEE50E29C71AD70055EFB4 /* SecureTextFieldParentProtocol.swift */ = {isa = PBXFileReference; lastKnownFileType = sourcecode.swift; path = SecureTextFieldParentProtocol.swift; sourceTree = "<group>"; };
		77BEE51029C71AF50055EFB4 /* SecureTextFieldView.swift */ = {isa = PBXFileReference; lastKnownFileType = sourcecode.swift; path = SecureTextFieldView.swift; sourceTree = "<group>"; };
		77BEE51229C71BE00055EFB4 /* TopBarView.swift */ = {isa = PBXFileReference; lastKnownFileType = sourcecode.swift; path = TopBarView.swift; sourceTree = "<group>"; };
		77BEE51429C71C160055EFB4 /* SearchBarView.swift */ = {isa = PBXFileReference; lastKnownFileType = sourcecode.swift; path = SearchBarView.swift; sourceTree = "<group>"; };
		77BEE51629C71C410055EFB4 /* CircleButtonView.swift */ = {isa = PBXFileReference; lastKnownFileType = sourcecode.swift; path = CircleButtonView.swift; sourceTree = "<group>"; };
		77BEE51829C71C570055EFB4 /* TabContents.swift */ = {isa = PBXFileReference; lastKnownFileType = sourcecode.swift; path = TabContents.swift; sourceTree = "<group>"; };
		77BEE51A29C71C7D0055EFB4 /* ItemCardView.swift */ = {isa = PBXFileReference; lastKnownFileType = sourcecode.swift; path = ItemCardView.swift; sourceTree = "<group>"; };
		77BEE51C29C71C990055EFB4 /* ItemRowView.swift */ = {isa = PBXFileReference; lastKnownFileType = sourcecode.swift; path = ItemRowView.swift; sourceTree = "<group>"; };
		77BEE51E29C71CB20055EFB4 /* CustomTabBar.swift */ = {isa = PBXFileReference; lastKnownFileType = sourcecode.swift; path = CustomTabBar.swift; sourceTree = "<group>"; };
		77BEE52029C71CCE0055EFB4 /* PickerLocation.swift */ = {isa = PBXFileReference; lastKnownFileType = sourcecode.swift; path = PickerLocation.swift; sourceTree = "<group>"; };
		77BEE52229C71D500055EFB4 /* TopView.swift */ = {isa = PBXFileReference; lastKnownFileType = sourcecode.swift; path = TopView.swift; sourceTree = "<group>"; };
		77BEE52429C71D6B0055EFB4 /* SettingsList.swift */ = {isa = PBXFileReference; lastKnownFileType = sourcecode.swift; path = SettingsList.swift; sourceTree = "<group>"; };
		77BEE52629C71DEA0055EFB4 /* MainImage.swift */ = {isa = PBXFileReference; lastKnownFileType = sourcecode.swift; path = MainImage.swift; sourceTree = "<group>"; };
		77BEE52829C71E110055EFB4 /* ZoomImagesView.swift */ = {isa = PBXFileReference; lastKnownFileType = sourcecode.swift; path = ZoomImagesView.swift; sourceTree = "<group>"; };
		77BEE52A29C71E300055EFB4 /* DetailText.swift */ = {isa = PBXFileReference; lastKnownFileType = sourcecode.swift; path = DetailText.swift; sourceTree = "<group>"; };
		77BEE52C29C71E4A0055EFB4 /* ChooseColor.swift */ = {isa = PBXFileReference; lastKnownFileType = sourcecode.swift; path = ChooseColor.swift; sourceTree = "<group>"; };
		77BEE52E29C71E600055EFB4 /* ColorPickerView.swift */ = {isa = PBXFileReference; lastKnownFileType = sourcecode.swift; path = ColorPickerView.swift; sourceTree = "<group>"; };
		77BEE53129C727C50055EFB4 /* Regex.swift */ = {isa = PBXFileReference; lastKnownFileType = sourcecode.swift; path = Regex.swift; sourceTree = "<group>"; };
		77BEE53D29C72E290055EFB4 /* Info.plist */ = {isa = PBXFileReference; lastKnownFileType = text.plist.xml; path = Info.plist; sourceTree = "<group>"; };
		77D2B30A29CB6F210013D3DF /* ImagePicker.swift */ = {isa = PBXFileReference; lastKnownFileType = sourcecode.swift; path = ImagePicker.swift; sourceTree = "<group>"; };
		77FA557B29C73F8E009638F3 /* CustomTextField.swift */ = {isa = PBXFileReference; lastKnownFileType = sourcecode.swift; path = CustomTextField.swift; sourceTree = "<group>"; };
/* End PBXFileReference section */

/* Begin PBXFrameworksBuildPhase section */
		776F645329BF65ED00B6C808 /* Frameworks */ = {
			isa = PBXFrameworksBuildPhase;
			buildActionMask = 2147483647;
			files = (
			);
			runOnlyForDeploymentPostprocessing = 0;
		};
/* End PBXFrameworksBuildPhase section */

/* Begin PBXGroup section */
		63378B3729CE16C300B17989 /* Models */ = {
			isa = PBXGroup;
			children = (
				63378B3829CE16DA00B17989 /* LatestProducts.swift */,
				63378B3A29CE16FC00B17989 /* FlashSaleProduct.swift */,
				63378B3D29CE192F00B17989 /* ProductDetails.swift */,
			);
			path = Models;
			sourceTree = "<group>";
		};
		63378B3F29CE1C0800B17989 /* Constants */ = {
			isa = PBXGroup;
			children = (
				63378B4029CE1C2A00B17989 /* URLConstants.swift */,
			);
			path = Constants;
			sourceTree = "<group>";
		};
		776F644D29BF65ED00B6C808 = {
			isa = PBXGroup;
			children = (
				776F645829BF65ED00B6C808 /* Shop */,
				776F645729BF65ED00B6C808 /* Products */,
			);
			sourceTree = "<group>";
		};
		776F645729BF65ED00B6C808 /* Products */ = {
			isa = PBXGroup;
			children = (
				776F645629BF65ED00B6C808 /* Shop.app */,
			);
			name = Products;
			sourceTree = "<group>";
		};
		776F645829BF65ED00B6C808 /* Shop */ = {
			isa = PBXGroup;
			children = (
				63378B3F29CE1C0800B17989 /* Constants */,
				63378B3729CE16C300B17989 /* Models */,
				77BEE53029C727AE0055EFB4 /* Enum */,
				77BEE4FD29C7162E0055EFB4 /* Fonts */,
				77BEE4FA29C712F20055EFB4 /* Managers */,
				77C024B629C2585B00326201 /* SystemDesing */,
				776F64A429C0BCE100B6C808 /* AppDependencies */,
				776F649A29BFB56F00B6C808 /* Assembly */,
				776F649729BF82A400B6C808 /* Protocols */,
				776F646829BF67A100B6C808 /* Coordinators */,
				776F646729BF679000B6C808 /* Views */,
				776F645929BF65ED00B6C808 /* ShopApp.swift */,
				776F645D29BF65EF00B6C808 /* Assets.xcassets */,
				776F645F29BF65EF00B6C808 /* Preview Content */,
				77BEE53D29C72E290055EFB4 /* Info.plist */,
				77627C3929C8814700EA0E11 /* UserData.xcdatamodeld */,
			);
			path = Shop;
			sourceTree = "<group>";
		};
		776F645F29BF65EF00B6C808 /* Preview Content */ = {
			isa = PBXGroup;
			children = (
				776F646029BF65EF00B6C808 /* Preview Assets.xcassets */,
			);
			path = "Preview Content";
			sourceTree = "<group>";
		};
		776F646729BF679000B6C808 /* Views */ = {
			isa = PBXGroup;
			children = (
				77BEE50B29C71A290055EFB4 /* Modifiers */,
				776F646B29BF67F100B6C808 /* SignUpView */,
				776F646C29BF683500B6C808 /* LoginView */,
				776F646E29BF685300B6C808 /* MainView */,
				776F646D29BF683E00B6C808 /* PersonInfoView */,
				776F646F29BF685A00B6C808 /* DetailView */,
			);
			path = Views;
			sourceTree = "<group>";
		};
		776F646829BF67A100B6C808 /* Coordinators */ = {
			isa = PBXGroup;
			children = (
				776F647029BF688600B6C808 /* AppCoordinator.swift */,
				776F648E29BF6AD600B6C808 /* SignUpCoordinator.swift */,
				776F648C29BF6ABF00B6C808 /* LoginCoordinator.swift */,
				776F648629BF6A8300B6C808 /* MainCoordinator.swift */,
				776F648A29BF6AA800B6C808 /* PersonInfoCoordinator.swift */,
				776F648829BF6A9400B6C808 /* DetailCoordinator.swift */,
			);
			path = Coordinators;
			sourceTree = "<group>";
		};
		776F646B29BF67F100B6C808 /* SignUpView */ = {
			isa = PBXGroup;
			children = (
				776F647629BF69CB00B6C808 /* SignUpView.swift */,
				776F647829BF69E500B6C808 /* SignUpViewModel.swift */,
			);
			path = SignUpView;
			sourceTree = "<group>";
		};
		776F646C29BF683500B6C808 /* LoginView */ = {
			isa = PBXGroup;
			children = (
				77BEE50129C716CD0055EFB4 /* Views */,
				776F647E29BF6A2000B6C808 /* LoginView.swift */,
				776F648429BF6A5A00B6C808 /* LoginViewModel.swift */,
			);
			path = LoginView;
			sourceTree = "<group>";
		};
		776F646D29BF683E00B6C808 /* PersonInfoView */ = {
			isa = PBXGroup;
			children = (
				77BEE50229C716F20055EFB4 /* Views */,
				776F647C29BF6A1300B6C808 /* PersonInfoView.swift */,
				776F648229BF6A4B00B6C808 /* PersonInfoViewModel.swift */,
			);
			path = PersonInfoView;
			sourceTree = "<group>";
		};
		776F646E29BF685300B6C808 /* MainView */ = {
			isa = PBXGroup;
			children = (
				77BEE50329C716F90055EFB4 /* Views */,
				776F647229BF694400B6C808 /* MainView.swift */,
				776F647429BF698800B6C808 /* MainViewModel.swift */,
			);
			path = MainView;
			sourceTree = "<group>";
		};
		776F646F29BF685A00B6C808 /* DetailView */ = {
			isa = PBXGroup;
			children = (
				77BEE50429C717030055EFB4 /* Views */,
				776F647A29BF6A0500B6C808 /* DetailView.swift */,
				776F648029BF6A3B00B6C808 /* DetailViewModel.swift */,
			);
			path = DetailView;
			sourceTree = "<group>";
		};
		776F649729BF82A400B6C808 /* Protocols */ = {
			isa = PBXGroup;
			children = (
				776F649829BF82BC00B6C808 /* Coordinator.swift */,
			);
			path = Protocols;
			sourceTree = "<group>";
		};
		776F649A29BFB56F00B6C808 /* Assembly */ = {
			isa = PBXGroup;
			children = (
				776F649B29BFB58300B6C808 /* AppAssembly.swift */,
				77BEE50529C719010055EFB4 /* SignUpAssembly.swift */,
				776F64A229C0B6A900B6C808 /* LoginAssembly.swift */,
				776F64A029C0B59900B6C808 /* MainAssembly.swift */,
				77BEE50729C719240055EFB4 /* PersonInfoAssembly.swift */,
				77BEE50929C719350055EFB4 /* DetailAssembly.swift */,
			);
			path = Assembly;
			sourceTree = "<group>";
		};
		776F64A429C0BCE100B6C808 /* AppDependencies */ = {
			isa = PBXGroup;
			children = (
				776F64A529C0BD0C00B6C808 /* AppDependecies.swift */,
			);
			path = AppDependencies;
			sourceTree = "<group>";
		};
		77BEE4FA29C712F20055EFB4 /* Managers */ = {
			isa = PBXGroup;
			children = (
				77BEE4FB29C715340055EFB4 /* DataManager.swift */,
				77627C3C29C885F500EA0E11 /* UserRepository.swift */,
				63378B4229CE1D4B00B17989 /* NetworkManager.swift */,
				63680DAE29D1AF910079CDF1 /* NavigationManager.swift */,
			);
			path = Managers;
			sourceTree = "<group>";
		};
		77BEE4FD29C7162E0055EFB4 /* Fonts */ = {
			isa = PBXGroup;
			children = (
				77BEE4FE29C716470055EFB4 /* Montserrat-Regular.ttf */,
			);
			path = Fonts;
			sourceTree = "<group>";
		};
		77BEE50129C716CD0055EFB4 /* Views */ = {
			isa = PBXGroup;
			children = (
				77BEE50E29C71AD70055EFB4 /* SecureTextFieldParentProtocol.swift */,
				77BEE51029C71AF50055EFB4 /* SecureTextFieldView.swift */,
			);
			path = Views;
			sourceTree = "<group>";
		};
		77BEE50229C716F20055EFB4 /* Views */ = {
			isa = PBXGroup;
			children = (
				77BEE52229C71D500055EFB4 /* TopView.swift */,
				77BEE52429C71D6B0055EFB4 /* SettingsList.swift */,
				77D2B30A29CB6F210013D3DF /* ImagePicker.swift */,
			);
			path = Views;
			sourceTree = "<group>";
		};
		77BEE50329C716F90055EFB4 /* Views */ = {
			isa = PBXGroup;
			children = (
				77BEE51229C71BE00055EFB4 /* TopBarView.swift */,
				77BEE51429C71C160055EFB4 /* SearchBarView.swift */,
				77BEE51629C71C410055EFB4 /* CircleButtonView.swift */,
				77BEE51829C71C570055EFB4 /* TabContents.swift */,
				77BEE51A29C71C7D0055EFB4 /* ItemCardView.swift */,
				77BEE51C29C71C990055EFB4 /* ItemRowView.swift */,
				77BEE51E29C71CB20055EFB4 /* CustomTabBar.swift */,
				77BEE52029C71CCE0055EFB4 /* PickerLocation.swift */,
				631AE50B29CF26A8008B4472 /* LatestItem.swift */,
				631AE50D29CF27A7008B4472 /* FlashSaleItem.swift */,
			);
			path = Views;
			sourceTree = "<group>";
		};
		77BEE50429C717030055EFB4 /* Views */ = {
			isa = PBXGroup;
			children = (
				77BEE52629C71DEA0055EFB4 /* MainImage.swift */,
				77BEE52829C71E110055EFB4 /* ZoomImagesView.swift */,
				77BEE52A29C71E300055EFB4 /* DetailText.swift */,
				77BEE52C29C71E4A0055EFB4 /* ChooseColor.swift */,
				77BEE52E29C71E600055EFB4 /* ColorPickerView.swift */,
			);
			path = Views;
			sourceTree = "<group>";
		};
		77BEE50B29C71A290055EFB4 /* Modifiers */ = {
			isa = PBXGroup;
			children = (
				77BEE50C29C71A850055EFB4 /* ViewModifiers.swift */,
			);
			path = Modifiers;
			sourceTree = "<group>";
		};
		77BEE53029C727AE0055EFB4 /* Enum */ = {
			isa = PBXGroup;
			children = (
				77BEE53129C727C50055EFB4 /* Regex.swift */,
			);
			path = Enum;
			sourceTree = "<group>";
		};
		77C024B629C2585B00326201 /* SystemDesing */ = {
			isa = PBXGroup;
			children = (
				77FA557B29C73F8E009638F3 /* CustomTextField.swift */,
			);
			path = SystemDesing;
			sourceTree = "<group>";
		};
/* End PBXGroup section */

/* Begin PBXNativeTarget section */
		776F645529BF65ED00B6C808 /* Shop */ = {
			isa = PBXNativeTarget;
			buildConfigurationList = 776F646429BF65EF00B6C808 /* Build configuration list for PBXNativeTarget "Shop" */;
			buildPhases = (
				776F645229BF65ED00B6C808 /* Sources */,
				776F645329BF65ED00B6C808 /* Frameworks */,
				776F645429BF65ED00B6C808 /* Resources */,
			);
			buildRules = (
			);
			dependencies = (
			);
			name = Shop;
			productName = Shop;
			productReference = 776F645629BF65ED00B6C808 /* Shop.app */;
			productType = "com.apple.product-type.application";
		};
/* End PBXNativeTarget section */

/* Begin PBXProject section */
		776F644E29BF65ED00B6C808 /* Project object */ = {
			isa = PBXProject;
			attributes = {
				BuildIndependentTargetsInParallel = 1;
				LastSwiftUpdateCheck = 1420;
				LastUpgradeCheck = 1420;
				TargetAttributes = {
					776F645529BF65ED00B6C808 = {
						CreatedOnToolsVersion = 14.2;
					};
				};
			};
			buildConfigurationList = 776F645129BF65ED00B6C808 /* Build configuration list for PBXProject "Shop" */;
			compatibilityVersion = "Xcode 14.0";
			developmentRegion = en;
			hasScannedForEncodings = 0;
			knownRegions = (
				en,
				Base,
			);
			mainGroup = 776F644D29BF65ED00B6C808;
			productRefGroup = 776F645729BF65ED00B6C808 /* Products */;
			projectDirPath = "";
			projectRoot = "";
			targets = (
				776F645529BF65ED00B6C808 /* Shop */,
			);
		};
/* End PBXProject section */

/* Begin PBXResourcesBuildPhase section */
		776F645429BF65ED00B6C808 /* Resources */ = {
			isa = PBXResourcesBuildPhase;
			buildActionMask = 2147483647;
			files = (
				77BEE4FF29C716470055EFB4 /* Montserrat-Regular.ttf in Resources */,
				776F646129BF65EF00B6C808 /* Preview Assets.xcassets in Resources */,
				776F645E29BF65EF00B6C808 /* Assets.xcassets in Resources */,
			);
			runOnlyForDeploymentPostprocessing = 0;
		};
/* End PBXResourcesBuildPhase section */

/* Begin PBXSourcesBuildPhase section */
		776F645229BF65ED00B6C808 /* Sources */ = {
			isa = PBXSourcesBuildPhase;
			buildActionMask = 2147483647;
			files = (
				63378B4329CE1D4B00B17989 /* NetworkManager.swift in Sources */,
				776F64A129C0B59900B6C808 /* MainAssembly.swift in Sources */,
				77BEE50D29C71A850055EFB4 /* ViewModifiers.swift in Sources */,
				77BEE51F29C71CB20055EFB4 /* CustomTabBar.swift in Sources */,
				77BEE52129C71CCE0055EFB4 /* PickerLocation.swift in Sources */,
				776F648729BF6A8300B6C808 /* MainCoordinator.swift in Sources */,
				776F647929BF69E500B6C808 /* SignUpViewModel.swift in Sources */,
				77BEE52529C71D6B0055EFB4 /* SettingsList.swift in Sources */,
				63378B3929CE16DA00B17989 /* LatestProducts.swift in Sources */,
				77BEE52329C71D500055EFB4 /* TopView.swift in Sources */,
				77BEE51729C71C410055EFB4 /* CircleButtonView.swift in Sources */,
				776F648929BF6A9400B6C808 /* DetailCoordinator.swift in Sources */,
				63378B3B29CE16FC00B17989 /* FlashSaleProduct.swift in Sources */,
				776F647D29BF6A1300B6C808 /* PersonInfoView.swift in Sources */,
				776F647F29BF6A2000B6C808 /* LoginView.swift in Sources */,
				77BEE52729C71DEA0055EFB4 /* MainImage.swift in Sources */,
				631AE50E29CF27A7008B4472 /* FlashSaleItem.swift in Sources */,
				77627C3B29C8814700EA0E11 /* UserData.xcdatamodeld in Sources */,
				77BEE51929C71C570055EFB4 /* TabContents.swift in Sources */,
				63378B4129CE1C2A00B17989 /* URLConstants.swift in Sources */,
				77BEE51529C71C160055EFB4 /* SearchBarView.swift in Sources */,
				776F649929BF82BC00B6C808 /* Coordinator.swift in Sources */,
				77D2B30B29CB6F210013D3DF /* ImagePicker.swift in Sources */,
				776F647529BF698800B6C808 /* MainViewModel.swift in Sources */,
				776F647129BF688600B6C808 /* AppCoordinator.swift in Sources */,
				776F648B29BF6AA800B6C808 /* PersonInfoCoordinator.swift in Sources */,
				776F647329BF694400B6C808 /* MainView.swift in Sources */,
				77FA557C29C73F8E009638F3 /* CustomTextField.swift in Sources */,
				77BEE50629C719010055EFB4 /* SignUpAssembly.swift in Sources */,
				63680DAF29D1AF910079CDF1 /* NavigationManager.swift in Sources */,
				63378B3E29CE192F00B17989 /* ProductDetails.swift in Sources */,
				776F648329BF6A4B00B6C808 /* PersonInfoViewModel.swift in Sources */,
				77BEE52929C71E110055EFB4 /* ZoomImagesView.swift in Sources */,
				77BEE51329C71BE00055EFB4 /* TopBarView.swift in Sources */,
				776F648D29BF6ABF00B6C808 /* LoginCoordinator.swift in Sources */,
				776F649C29BFB58300B6C808 /* AppAssembly.swift in Sources */,
				77BEE51D29C71C990055EFB4 /* ItemRowView.swift in Sources */,
				776F648529BF6A5A00B6C808 /* LoginViewModel.swift in Sources */,
				77627C3D29C885F500EA0E11 /* UserRepository.swift in Sources */,
				776F64A329C0B6A900B6C808 /* LoginAssembly.swift in Sources */,
				776F64A629C0BD0C00B6C808 /* AppDependecies.swift in Sources */,
				776F648129BF6A3B00B6C808 /* DetailViewModel.swift in Sources */,
				776F648F29BF6AD600B6C808 /* SignUpCoordinator.swift in Sources */,
				77BEE51129C71AF50055EFB4 /* SecureTextFieldView.swift in Sources */,
				631AE50C29CF26A8008B4472 /* LatestItem.swift in Sources */,
				77BEE53229C727C50055EFB4 /* Regex.swift in Sources */,
				776F647B29BF6A0500B6C808 /* DetailView.swift in Sources */,
				77BEE50829C719240055EFB4 /* PersonInfoAssembly.swift in Sources */,
				77BEE52F29C71E600055EFB4 /* ColorPickerView.swift in Sources */,
				77BEE50F29C71AD70055EFB4 /* SecureTextFieldParentProtocol.swift in Sources */,
				77BEE4FC29C715340055EFB4 /* DataManager.swift in Sources */,
				776F647729BF69CB00B6C808 /* SignUpView.swift in Sources */,
				77BEE52B29C71E300055EFB4 /* DetailText.swift in Sources */,
				776F645A29BF65ED00B6C808 /* ShopApp.swift in Sources */,
				77BEE52D29C71E4A0055EFB4 /* ChooseColor.swift in Sources */,
				77BEE51B29C71C7D0055EFB4 /* ItemCardView.swift in Sources */,
				77BEE50A29C719350055EFB4 /* DetailAssembly.swift in Sources */,
			);
			runOnlyForDeploymentPostprocessing = 0;
		};
/* End PBXSourcesBuildPhase section */

/* Begin XCBuildConfiguration section */
		776F646229BF65EF00B6C808 /* Debug */ = {
			isa = XCBuildConfiguration;
			buildSettings = {
				ALWAYS_SEARCH_USER_PATHS = NO;
				CLANG_ANALYZER_NONNULL = YES;
				CLANG_ANALYZER_NUMBER_OBJECT_CONVERSION = YES_AGGRESSIVE;
				CLANG_CXX_LANGUAGE_STANDARD = "gnu++20";
				CLANG_ENABLE_MODULES = YES;
				CLANG_ENABLE_OBJC_ARC = YES;
				CLANG_ENABLE_OBJC_WEAK = YES;
				CLANG_WARN_BLOCK_CAPTURE_AUTORELEASING = YES;
				CLANG_WARN_BOOL_CONVERSION = YES;
				CLANG_WARN_COMMA = YES;
				CLANG_WARN_CONSTANT_CONVERSION = YES;
				CLANG_WARN_DEPRECATED_OBJC_IMPLEMENTATIONS = YES;
				CLANG_WARN_DIRECT_OBJC_ISA_USAGE = YES_ERROR;
				CLANG_WARN_DOCUMENTATION_COMMENTS = YES;
				CLANG_WARN_EMPTY_BODY = YES;
				CLANG_WARN_ENUM_CONVERSION = YES;
				CLANG_WARN_INFINITE_RECURSION = YES;
				CLANG_WARN_INT_CONVERSION = YES;
				CLANG_WARN_NON_LITERAL_NULL_CONVERSION = YES;
				CLANG_WARN_OBJC_IMPLICIT_RETAIN_SELF = YES;
				CLANG_WARN_OBJC_LITERAL_CONVERSION = YES;
				CLANG_WARN_OBJC_ROOT_CLASS = YES_ERROR;
				CLANG_WARN_QUOTED_INCLUDE_IN_FRAMEWORK_HEADER = YES;
				CLANG_WARN_RANGE_LOOP_ANALYSIS = YES;
				CLANG_WARN_STRICT_PROTOTYPES = YES;
				CLANG_WARN_SUSPICIOUS_MOVE = YES;
				CLANG_WARN_UNGUARDED_AVAILABILITY = YES_AGGRESSIVE;
				CLANG_WARN_UNREACHABLE_CODE = YES;
				CLANG_WARN__DUPLICATE_METHOD_MATCH = YES;
				COPY_PHASE_STRIP = NO;
				DEBUG_INFORMATION_FORMAT = dwarf;
				ENABLE_STRICT_OBJC_MSGSEND = YES;
				ENABLE_TESTABILITY = YES;
				GCC_C_LANGUAGE_STANDARD = gnu11;
				GCC_DYNAMIC_NO_PIC = NO;
				GCC_NO_COMMON_BLOCKS = YES;
				GCC_OPTIMIZATION_LEVEL = 0;
				GCC_PREPROCESSOR_DEFINITIONS = (
					"DEBUG=1",
					"$(inherited)",
				);
				GCC_WARN_64_TO_32_BIT_CONVERSION = YES;
				GCC_WARN_ABOUT_RETURN_TYPE = YES_ERROR;
				GCC_WARN_UNDECLARED_SELECTOR = YES;
				GCC_WARN_UNINITIALIZED_AUTOS = YES_AGGRESSIVE;
				GCC_WARN_UNUSED_FUNCTION = YES;
				GCC_WARN_UNUSED_VARIABLE = YES;
				IPHONEOS_DEPLOYMENT_TARGET = 16.2;
				MTL_ENABLE_DEBUG_INFO = INCLUDE_SOURCE;
				MTL_FAST_MATH = YES;
				ONLY_ACTIVE_ARCH = YES;
				SDKROOT = iphoneos;
				SWIFT_ACTIVE_COMPILATION_CONDITIONS = DEBUG;
				SWIFT_OPTIMIZATION_LEVEL = "-Onone";
			};
			name = Debug;
		};
		776F646329BF65EF00B6C808 /* Release */ = {
			isa = XCBuildConfiguration;
			buildSettings = {
				ALWAYS_SEARCH_USER_PATHS = NO;
				CLANG_ANALYZER_NONNULL = YES;
				CLANG_ANALYZER_NUMBER_OBJECT_CONVERSION = YES_AGGRESSIVE;
				CLANG_CXX_LANGUAGE_STANDARD = "gnu++20";
				CLANG_ENABLE_MODULES = YES;
				CLANG_ENABLE_OBJC_ARC = YES;
				CLANG_ENABLE_OBJC_WEAK = YES;
				CLANG_WARN_BLOCK_CAPTURE_AUTORELEASING = YES;
				CLANG_WARN_BOOL_CONVERSION = YES;
				CLANG_WARN_COMMA = YES;
				CLANG_WARN_CONSTANT_CONVERSION = YES;
				CLANG_WARN_DEPRECATED_OBJC_IMPLEMENTATIONS = YES;
				CLANG_WARN_DIRECT_OBJC_ISA_USAGE = YES_ERROR;
				CLANG_WARN_DOCUMENTATION_COMMENTS = YES;
				CLANG_WARN_EMPTY_BODY = YES;
				CLANG_WARN_ENUM_CONVERSION = YES;
				CLANG_WARN_INFINITE_RECURSION = YES;
				CLANG_WARN_INT_CONVERSION = YES;
				CLANG_WARN_NON_LITERAL_NULL_CONVERSION = YES;
				CLANG_WARN_OBJC_IMPLICIT_RETAIN_SELF = YES;
				CLANG_WARN_OBJC_LITERAL_CONVERSION = YES;
				CLANG_WARN_OBJC_ROOT_CLASS = YES_ERROR;
				CLANG_WARN_QUOTED_INCLUDE_IN_FRAMEWORK_HEADER = YES;
				CLANG_WARN_RANGE_LOOP_ANALYSIS = YES;
				CLANG_WARN_STRICT_PROTOTYPES = YES;
				CLANG_WARN_SUSPICIOUS_MOVE = YES;
				CLANG_WARN_UNGUARDED_AVAILABILITY = YES_AGGRESSIVE;
				CLANG_WARN_UNREACHABLE_CODE = YES;
				CLANG_WARN__DUPLICATE_METHOD_MATCH = YES;
				COPY_PHASE_STRIP = NO;
				DEBUG_INFORMATION_FORMAT = "dwarf-with-dsym";
				ENABLE_NS_ASSERTIONS = NO;
				ENABLE_STRICT_OBJC_MSGSEND = YES;
				GCC_C_LANGUAGE_STANDARD = gnu11;
				GCC_NO_COMMON_BLOCKS = YES;
				GCC_WARN_64_TO_32_BIT_CONVERSION = YES;
				GCC_WARN_ABOUT_RETURN_TYPE = YES_ERROR;
				GCC_WARN_UNDECLARED_SELECTOR = YES;
				GCC_WARN_UNINITIALIZED_AUTOS = YES_AGGRESSIVE;
				GCC_WARN_UNUSED_FUNCTION = YES;
				GCC_WARN_UNUSED_VARIABLE = YES;
				IPHONEOS_DEPLOYMENT_TARGET = 16.2;
				MTL_ENABLE_DEBUG_INFO = NO;
				MTL_FAST_MATH = YES;
				SDKROOT = iphoneos;
				SWIFT_COMPILATION_MODE = wholemodule;
				SWIFT_OPTIMIZATION_LEVEL = "-O";
				VALIDATE_PRODUCT = YES;
			};
			name = Release;
		};
		776F646529BF65EF00B6C808 /* Debug */ = {
			isa = XCBuildConfiguration;
			buildSettings = {
				ASSETCATALOG_COMPILER_APPICON_NAME = AppIcon;
				ASSETCATALOG_COMPILER_GLOBAL_ACCENT_COLOR_NAME = AccentColor;
				CODE_SIGN_STYLE = Automatic;
				CURRENT_PROJECT_VERSION = 1;
				DEVELOPMENT_ASSET_PATHS = "\"Shop/Preview Content\"";
				DEVELOPMENT_TEAM = RW8DRR2459;
				ENABLE_PREVIEWS = YES;
				GENERATE_INFOPLIST_FILE = YES;
				INFOPLIST_FILE = Shop/Info.plist;
				INFOPLIST_KEY_UIApplicationSceneManifest_Generation = YES;
				INFOPLIST_KEY_UIApplicationSupportsIndirectInputEvents = YES;
				INFOPLIST_KEY_UILaunchScreen_Generation = YES;
				INFOPLIST_KEY_UISupportedInterfaceOrientations_iPad = "UIInterfaceOrientationPortrait UIInterfaceOrientationPortraitUpsideDown UIInterfaceOrientationLandscapeLeft UIInterfaceOrientationLandscapeRight";
				INFOPLIST_KEY_UISupportedInterfaceOrientations_iPhone = "UIInterfaceOrientationPortrait UIInterfaceOrientationLandscapeLeft UIInterfaceOrientationLandscapeRight";
				LD_RUNPATH_SEARCH_PATHS = (
					"$(inherited)",
					"@executable_path/Frameworks",
				);
				MARKETING_VERSION = 1.0;
				PRODUCT_BUNDLE_IDENTIFIER = moraWoo.Shop;
				PRODUCT_NAME = "$(TARGET_NAME)";
				SWIFT_EMIT_LOC_STRINGS = YES;
				SWIFT_VERSION = 5.0;
				TARGETED_DEVICE_FAMILY = "1,2";
			};
			name = Debug;
		};
		776F646629BF65EF00B6C808 /* Release */ = {
			isa = XCBuildConfiguration;
			buildSettings = {
				ASSETCATALOG_COMPILER_APPICON_NAME = AppIcon;
				ASSETCATALOG_COMPILER_GLOBAL_ACCENT_COLOR_NAME = AccentColor;
				CODE_SIGN_STYLE = Automatic;
				CURRENT_PROJECT_VERSION = 1;
				DEVELOPMENT_ASSET_PATHS = "\"Shop/Preview Content\"";
				DEVELOPMENT_TEAM = RW8DRR2459;
				ENABLE_PREVIEWS = YES;
				GENERATE_INFOPLIST_FILE = YES;
				INFOPLIST_FILE = Shop/Info.plist;
				INFOPLIST_KEY_UIApplicationSceneManifest_Generation = YES;
				INFOPLIST_KEY_UIApplicationSupportsIndirectInputEvents = YES;
				INFOPLIST_KEY_UILaunchScreen_Generation = YES;
				INFOPLIST_KEY_UISupportedInterfaceOrientations_iPad = "UIInterfaceOrientationPortrait UIInterfaceOrientationPortraitUpsideDown UIInterfaceOrientationLandscapeLeft UIInterfaceOrientationLandscapeRight";
				INFOPLIST_KEY_UISupportedInterfaceOrientations_iPhone = "UIInterfaceOrientationPortrait UIInterfaceOrientationLandscapeLeft UIInterfaceOrientationLandscapeRight";
				LD_RUNPATH_SEARCH_PATHS = (
					"$(inherited)",
					"@executable_path/Frameworks",
				);
				MARKETING_VERSION = 1.0;
				PRODUCT_BUNDLE_IDENTIFIER = moraWoo.Shop;
				PRODUCT_NAME = "$(TARGET_NAME)";
				SWIFT_EMIT_LOC_STRINGS = YES;
				SWIFT_VERSION = 5.0;
				TARGETED_DEVICE_FAMILY = "1,2";
			};
			name = Release;
		};
/* End XCBuildConfiguration section */

/* Begin XCConfigurationList section */
		776F645129BF65ED00B6C808 /* Build configuration list for PBXProject "Shop" */ = {
			isa = XCConfigurationList;
			buildConfigurations = (
				776F646229BF65EF00B6C808 /* Debug */,
				776F646329BF65EF00B6C808 /* Release */,
			);
			defaultConfigurationIsVisible = 0;
			defaultConfigurationName = Release;
		};
		776F646429BF65EF00B6C808 /* Build configuration list for PBXNativeTarget "Shop" */ = {
			isa = XCConfigurationList;
			buildConfigurations = (
				776F646529BF65EF00B6C808 /* Debug */,
				776F646629BF65EF00B6C808 /* Release */,
			);
			defaultConfigurationIsVisible = 0;
			defaultConfigurationName = Release;
		};
/* End XCConfigurationList section */

/* Begin XCVersionGroup section */
		77627C3929C8814700EA0E11 /* UserData.xcdatamodeld */ = {
			isa = XCVersionGroup;
			children = (
				77627C3A29C8814700EA0E11 /* UserData.xcdatamodel */,
			);
			currentVersion = 77627C3A29C8814700EA0E11 /* UserData.xcdatamodel */;
			path = UserData.xcdatamodeld;
			sourceTree = "<group>";
			versionGroupType = wrapper.xcdatamodel;
		};
/* End XCVersionGroup section */
	};
	rootObject = 776F644E29BF65ED00B6C808 /* Project object */;
}
